
Microsoft Visual Studio Solution File, Format Version 12.00
# Visual Studio Version 17
VisualStudioVersion = 17.10.35013.160
MinimumVisualStudioVersion = 10.0.40219.1
Project("{9A19103F-16F7-4668-BE54-9A1E7A4F7556}") = "WinterRose", "WinterRose\WinterRose\WinterRose.csproj", "{F06D54FC-D745-4B72-900F-8D25A44F12D9}"
EndProject
Project("{9A19103F-16F7-4668-BE54-9A1E7A4F7556}") = "SnowLibraryTesting", "WinterRose\WinterRoseTesting\SnowLibraryTesting.csproj", "{B1057F54-8770-4949-8984-9C03A2AB5FB8}"
EndProject
Project("{2150E333-8FDC-42A3-9474-1A3956D46DE8}") = "WinterRose Library", "WinterRose Library", "{8C66A3DD-1A47-4526-B197-CB465052BBEF}"
EndProject
Project("{9A19103F-16F7-4668-BE54-9A1E7A4F7556}") = "WinterRose.Monogame", "Monogame\WinterRose.Monogame\WinterRose.Monogame.csproj", "{030A6588-9083-4285-82EF-FC0AB96A6C6B}"
EndProject
Project("{9A19103F-16F7-4668-BE54-9A1E7A4F7556}") = "WinterRose.Monogame.Tests", "Monogame\WinterRose.Monogame.Tests\WinterRose.Monogame.Tests.csproj", "{73644D07-5B61-43A1-BCEE-C41766EAA0FA}"
EndProject
Project("{2150E333-8FDC-42A3-9474-1A3956D46DE8}") = "WinterRose Monogame Library", "WinterRose Monogame Library", "{CEEC716A-A273-4111-8622-209F54DA8E14}"
EndProject
Project("{2150E333-8FDC-42A3-9474-1A3956D46DE8}") = "Solution Items", "Solution Items", "{DEFB07F6-23B4-468F-9831-F3E8AA3D94E6}"
	ProjectSection(SolutionItems) = preProject
		UtilTextFile.txt = UtilTextFile.txt
	EndProjectSection
EndProject
Project("{9A19103F-16F7-4668-BE54-9A1E7A4F7556}") = "WinterRose.Monogame.DamageSystem", "Monogame\WinterRose.Monogame.DamageSystem\WinterRose.Monogame.DamageSystem.csproj", "{93996497-4E3E-4AE0-9F8D-10B62A39F96D}"
EndProject
Project("{2150E333-8FDC-42A3-9474-1A3956D46DE8}") = "GAMES", "GAMES", "{3698E784-D6C2-4E02-B209-408C1099476D}"
EndProject
Project("{9A19103F-16F7-4668-BE54-9A1E7A4F7556}") = "TopDownGame", "GAMES\TopDownGame\TopDownGame.csproj", "{C0F3046D-24C8-4302-B646-E30065A83404}"
EndProject
Project("{2150E333-8FDC-42A3-9474-1A3956D46DE8}") = "APPS", "APPS", "{E425D150-4506-4EA2-9BD8-C2C0DAB31FA4}"
EndProject
Project("{9A19103F-16F7-4668-BE54-9A1E7A4F7556}") = "FileServer", "APPS\FileServer\FileServer.csproj", "{20885909-E7B2-4E83-9891-D26710AC9882}"
EndProject
Project("{9A19103F-16F7-4668-BE54-9A1E7A4F7556}") = "FileServer.Common", "APPS\FileServer.Common\FileServer.Common.csproj", "{D029F034-4E33-4DA2-BACD-1D1C748A2B50}"
EndProject
Project("{9A19103F-16F7-4668-BE54-9A1E7A4F7556}") = "FileServerInteractor", "APPS\FileServerInteractor\FileServerInteractor.csproj", "{B79A58F2-A24C-48EC-8B94-1127EEBE79DC}"
EndProject
Project("{2150E333-8FDC-42A3-9474-1A3956D46DE8}") = "ImGui", "ImGui", "{6FCE2900-03D1-47A6-BBC8-F5FA059D64FA}"
EndProject
Project("{9A19103F-16F7-4668-BE54-9A1E7A4F7556}") = "WinterRose.ImGui", "ImGui\WinterRose.ImGui\WinterRose.ImGui.csproj", "{EA719DE6-E90C-44CE-9E80-3EEC169E39D8}"
EndProject
Project("{9A19103F-16F7-4668-BE54-9A1E7A4F7556}") = "WinterRose.ImGui.Tests", "ImGui\WinterRose.ImGui.Tests\WinterRose.ImGui.Tests.csproj", "{6612FD4D-B8B6-4E5F-BEF2-65E33A3E7938}"
EndProject
Project("{FAE04EC0-301F-11D3-BF4B-00C04F79EFBC}") = "WinterRose.SilkEngine", "WinterRose.Silk\WinterRose.SilkEngine.csproj", "{4EDF208C-9051-4AF1-97FA-44D6794560A5}"
EndProject
Project("{FAE04EC0-301F-11D3-BF4B-00C04F79EFBC}") = "WinterRose.SilkEngine.Tests", "WinterRose.Silk.Tests\WinterRose.SilkEngine.Tests.csproj", "{E14D78F9-08CA-4135-A395-F52744D73EF8}"
EndProject
Project("{2150E333-8FDC-42A3-9474-1A3956D46DE8}") = "SilkEngine", "SilkEngine", "{19A0AC95-7859-4E04-9367-152D5F5D3016}"
EndProject
Global
	GlobalSection(SolutionConfigurationPlatforms) = preSolution
		Debug|Any CPU = Debug|Any CPU
		Release|Any CPU = Release|Any CPU
	EndGlobalSection
	GlobalSection(ProjectConfigurationPlatforms) = postSolution
		{F06D54FC-D745-4B72-900F-8D25A44F12D9}.Debug|Any CPU.ActiveCfg = Debug|Any CPU
		{F06D54FC-D745-4B72-900F-8D25A44F12D9}.Debug|Any CPU.Build.0 = Debug|Any CPU
		{F06D54FC-D745-4B72-900F-8D25A44F12D9}.Release|Any CPU.ActiveCfg = Release|Any CPU
		{F06D54FC-D745-4B72-900F-8D25A44F12D9}.Release|Any CPU.Build.0 = Release|Any CPU
		{B1057F54-8770-4949-8984-9C03A2AB5FB8}.Debug|Any CPU.ActiveCfg = Debug|Any CPU
		{B1057F54-8770-4949-8984-9C03A2AB5FB8}.Debug|Any CPU.Build.0 = Debug|Any CPU
		{B1057F54-8770-4949-8984-9C03A2AB5FB8}.Release|Any CPU.ActiveCfg = Release|Any CPU
		{B1057F54-8770-4949-8984-9C03A2AB5FB8}.Release|Any CPU.Build.0 = Release|Any CPU
		{030A6588-9083-4285-82EF-FC0AB96A6C6B}.Debug|Any CPU.ActiveCfg = Debug|Any CPU
		{030A6588-9083-4285-82EF-FC0AB96A6C6B}.Debug|Any CPU.Build.0 = Debug|Any CPU
		{030A6588-9083-4285-82EF-FC0AB96A6C6B}.Release|Any CPU.ActiveCfg = Release|Any CPU
		{030A6588-9083-4285-82EF-FC0AB96A6C6B}.Release|Any CPU.Build.0 = Release|Any CPU
		{73644D07-5B61-43A1-BCEE-C41766EAA0FA}.Debug|Any CPU.ActiveCfg = Debug|Any CPU
		{73644D07-5B61-43A1-BCEE-C41766EAA0FA}.Debug|Any CPU.Build.0 = Debug|Any CPU
		{73644D07-5B61-43A1-BCEE-C41766EAA0FA}.Release|Any CPU.ActiveCfg = Release|Any CPU
		{73644D07-5B61-43A1-BCEE-C41766EAA0FA}.Release|Any CPU.Build.0 = Release|Any CPU
		{93996497-4E3E-4AE0-9F8D-10B62A39F96D}.Debug|Any CPU.ActiveCfg = Debug|Any CPU
		{93996497-4E3E-4AE0-9F8D-10B62A39F96D}.Debug|Any CPU.Build.0 = Debug|Any CPU
		{93996497-4E3E-4AE0-9F8D-10B62A39F96D}.Release|Any CPU.ActiveCfg = Release|Any CPU
		{93996497-4E3E-4AE0-9F8D-10B62A39F96D}.Release|Any CPU.Build.0 = Release|Any CPU
		{C0F3046D-24C8-4302-B646-E30065A83404}.Debug|Any CPU.ActiveCfg = Debug|Any CPU
		{C0F3046D-24C8-4302-B646-E30065A83404}.Debug|Any CPU.Build.0 = Debug|Any CPU
		{C0F3046D-24C8-4302-B646-E30065A83404}.Release|Any CPU.ActiveCfg = Release|Any CPU
		{C0F3046D-24C8-4302-B646-E30065A83404}.Release|Any CPU.Build.0 = Release|Any CPU
		{20885909-E7B2-4E83-9891-D26710AC9882}.Debug|Any CPU.ActiveCfg = Debug|Any CPU
		{20885909-E7B2-4E83-9891-D26710AC9882}.Debug|Any CPU.Build.0 = Debug|Any CPU
		{20885909-E7B2-4E83-9891-D26710AC9882}.Release|Any CPU.ActiveCfg = Release|Any CPU
		{20885909-E7B2-4E83-9891-D26710AC9882}.Release|Any CPU.Build.0 = Release|Any CPU
		{D029F034-4E33-4DA2-BACD-1D1C748A2B50}.Debug|Any CPU.ActiveCfg = Debug|Any CPU
		{D029F034-4E33-4DA2-BACD-1D1C748A2B50}.Debug|Any CPU.Build.0 = Debug|Any CPU
		{D029F034-4E33-4DA2-BACD-1D1C748A2B50}.Release|Any CPU.ActiveCfg = Release|Any CPU
		{D029F034-4E33-4DA2-BACD-1D1C748A2B50}.Release|Any CPU.Build.0 = Release|Any CPU
		{B79A58F2-A24C-48EC-8B94-1127EEBE79DC}.Debug|Any CPU.ActiveCfg = Debug|Any CPU
		{B79A58F2-A24C-48EC-8B94-1127EEBE79DC}.Debug|Any CPU.Build.0 = Debug|Any CPU
		{B79A58F2-A24C-48EC-8B94-1127EEBE79DC}.Release|Any CPU.ActiveCfg = Release|Any CPU
		{B79A58F2-A24C-48EC-8B94-1127EEBE79DC}.Release|Any CPU.Build.0 = Release|Any CPU
		{EA719DE6-E90C-44CE-9E80-3EEC169E39D8}.Debug|Any CPU.ActiveCfg = Debug|Any CPU
		{EA719DE6-E90C-44CE-9E80-3EEC169E39D8}.Debug|Any CPU.Build.0 = Debug|Any CPU
		{EA719DE6-E90C-44CE-9E80-3EEC169E39D8}.Release|Any CPU.ActiveCfg = Release|Any CPU
		{EA719DE6-E90C-44CE-9E80-3EEC169E39D8}.Release|Any CPU.Build.0 = Release|Any CPU
		{6612FD4D-B8B6-4E5F-BEF2-65E33A3E7938}.Debug|Any CPU.ActiveCfg = Debug|Any CPU
		{6612FD4D-B8B6-4E5F-BEF2-65E33A3E7938}.Debug|Any CPU.Build.0 = Debug|Any CPU
		{6612FD4D-B8B6-4E5F-BEF2-65E33A3E7938}.Release|Any CPU.ActiveCfg = Release|Any CPU
		{6612FD4D-B8B6-4E5F-BEF2-65E33A3E7938}.Release|Any CPU.Build.0 = Release|Any CPU
		{4EDF208C-9051-4AF1-97FA-44D6794560A5}.Debug|Any CPU.ActiveCfg = Debug|Any CPU
		{4EDF208C-9051-4AF1-97FA-44D6794560A5}.Debug|Any CPU.Build.0 = Debug|Any CPU
		{4EDF208C-9051-4AF1-97FA-44D6794560A5}.Release|Any CPU.ActiveCfg = Release|Any CPU
		{4EDF208C-9051-4AF1-97FA-44D6794560A5}.Release|Any CPU.Build.0 = Release|Any CPU
		{E14D78F9-08CA-4135-A395-F52744D73EF8}.Debug|Any CPU.ActiveCfg = Debug|Any CPU
		{E14D78F9-08CA-4135-A395-F52744D73EF8}.Debug|Any CPU.Build.0 = Debug|Any CPU
		{E14D78F9-08CA-4135-A395-F52744D73EF8}.Release|Any CPU.ActiveCfg = Release|Any CPU
		{E14D78F9-08CA-4135-A395-F52744D73EF8}.Release|Any CPU.Build.0 = Release|Any CPU
	EndGlobalSection
	GlobalSection(SolutionProperties) = preSolution
		HideSolutionNode = FALSE
	EndGlobalSection
	GlobalSection(NestedProjects) = preSolution
		{F06D54FC-D745-4B72-900F-8D25A44F12D9} = {8C66A3DD-1A47-4526-B197-CB465052BBEF}
		{B1057F54-8770-4949-8984-9C03A2AB5FB8} = {8C66A3DD-1A47-4526-B197-CB465052BBEF}
		{030A6588-9083-4285-82EF-FC0AB96A6C6B} = {CEEC716A-A273-4111-8622-209F54DA8E14}
		{73644D07-5B61-43A1-BCEE-C41766EAA0FA} = {CEEC716A-A273-4111-8622-209F54DA8E14}
		{93996497-4E3E-4AE0-9F8D-10B62A39F96D} = {CEEC716A-A273-4111-8622-209F54DA8E14}
		{C0F3046D-24C8-4302-B646-E30065A83404} = {3698E784-D6C2-4E02-B209-408C1099476D}
		{20885909-E7B2-4E83-9891-D26710AC9882} = {E425D150-4506-4EA2-9BD8-C2C0DAB31FA4}
		{D029F034-4E33-4DA2-BACD-1D1C748A2B50} = {E425D150-4506-4EA2-9BD8-C2C0DAB31FA4}
		{B79A58F2-A24C-48EC-8B94-1127EEBE79DC} = {E425D150-4506-4EA2-9BD8-C2C0DAB31FA4}
		{EA719DE6-E90C-44CE-9E80-3EEC169E39D8} = {6FCE2900-03D1-47A6-BBC8-F5FA059D64FA}
		{6612FD4D-B8B6-4E5F-BEF2-65E33A3E7938} = {6FCE2900-03D1-47A6-BBC8-F5FA059D64FA}
		{4EDF208C-9051-4AF1-97FA-44D6794560A5} = {19A0AC95-7859-4E04-9367-152D5F5D3016}
		{E14D78F9-08CA-4135-A395-F52744D73EF8} = {19A0AC95-7859-4E04-9367-152D5F5D3016}
	EndGlobalSection
	GlobalSection(ExtensibilityGlobals) = postSolution
		SolutionGuid = {D4476F88-F402-4E67-B4D9-6187D5BAD463}
	EndGlobalSection
EndGlobal
