
Microsoft Visual Studio Solution File, Format Version 12.00
# Visual Studio Version 17
VisualStudioVersion = 17.10.35013.160
MinimumVisualStudioVersion = 10.0.40219.1
Project("{9A19103F-16F7-4668-BE54-9A1E7A4F7556}") = "WinterRose", "WinterRose\WinterRose\WinterRose.csproj", "{F06D54FC-D745-4B72-900F-8D25A44F12D9}"
EndProject
Project("{9A19103F-16F7-4668-BE54-9A1E7A4F7556}") = "SnowLibraryTesting", "WinterRose\WinterRoseTesting\SnowLibraryTesting.csproj", "{B1057F54-8770-4949-8984-9C03A2AB5FB8}"
EndProject
Project("{2150E333-8FDC-42A3-9474-1A3956D46DE8}") = "WinterRose Library", "WinterRose Library", "{8C66A3DD-1A47-4526-B197-CB465052BBEF}"
EndProject
Project("{9A19103F-16F7-4668-BE54-9A1E7A4F7556}") = "WinterRose.Monogame", "Monogame\WinterRose.Monogame\WinterRose.Monogame.csproj", "{030A6588-9083-4285-82EF-FC0AB96A6C6B}"
EndProject
Project("{9A19103F-16F7-4668-BE54-9A1E7A4F7556}") = "WinterRose.Monogame.Tests", "Monogame\WinterRose.Monogame.Tests\WinterRose.Monogame.Tests.csproj", "{73644D07-5B61-43A1-BCEE-C41766EAA0FA}"
EndProject
Project("{2150E333-8FDC-42A3-9474-1A3956D46DE8}") = "WinterRose Monogame Library", "WinterRose Monogame Library", "{CEEC716A-A273-4111-8622-209F54DA8E14}"
EndProject
Project("{2150E333-8FDC-42A3-9474-1A3956D46DE8}") = "Solution Items", "Solution Items", "{DEFB07F6-23B4-468F-9831-F3E8AA3D94E6}"
	ProjectSection(SolutionItems) = preProject
		.editorconfig = .editorconfig
		UtilTextFile.txt = UtilTextFile.txt
	EndProjectSection
EndProject
Project("{9A19103F-16F7-4668-BE54-9A1E7A4F7556}") = "WinterRose.Monogame.DamageSystem", "Monogame\WinterRose.Monogame.DamageSystem\WinterRose.Monogame.DamageSystem.csproj", "{93996497-4E3E-4AE0-9F8D-10B62A39F96D}"
EndProject
Project("{2150E333-8FDC-42A3-9474-1A3956D46DE8}") = "GAMES", "GAMES", "{3698E784-D6C2-4E02-B209-408C1099476D}"
EndProject
Project("{9A19103F-16F7-4668-BE54-9A1E7A4F7556}") = "TopDownGame", "GAMES\TopDownGame\TopDownGame.csproj", "{C0F3046D-24C8-4302-B646-E30065A83404}"
EndProject
Project("{2150E333-8FDC-42A3-9474-1A3956D46DE8}") = "ImGui", "ImGui", "{6FCE2900-03D1-47A6-BBC8-F5FA059D64FA}"
EndProject
Project("{9A19103F-16F7-4668-BE54-9A1E7A4F7556}") = "WinterRose.ImGui", "ImGui\WinterRose.ImGui\WinterRose.ImGui.csproj", "{EA719DE6-E90C-44CE-9E80-3EEC169E39D8}"
EndProject
Project("{9A19103F-16F7-4668-BE54-9A1E7A4F7556}") = "WinterRose.ImGui.Tests", "ImGui\WinterRose.ImGui.Tests\WinterRose.ImGui.Tests.csproj", "{6612FD4D-B8B6-4E5F-BEF2-65E33A3E7938}"
EndProject
Project("{FAE04EC0-301F-11D3-BF4B-00C04F79EFBC}") = "WinterRose.SilkEngine", "WinterRose.Silk\WinterRose.SilkEngine.csproj", "{4EDF208C-9051-4AF1-97FA-44D6794560A5}"
EndProject
Project("{FAE04EC0-301F-11D3-BF4B-00C04F79EFBC}") = "WinterRose.SilkEngine.Tests", "WinterRose.Silk.Tests\WinterRose.SilkEngine.Tests.csproj", "{E14D78F9-08CA-4135-A395-F52744D73EF8}"
EndProject
Project("{2150E333-8FDC-42A3-9474-1A3956D46DE8}") = "SilkEngine", "SilkEngine", "{19A0AC95-7859-4E04-9367-152D5F5D3016}"
EndProject
Project("{FAE04EC0-301F-11D3-BF4B-00C04F79EFBC}") = "WinterRose.Monogame.Modding", "WinterRose.Monogame.Modding\WinterRose.Monogame.Modding.csproj", "{A539355D-7CEE-4038-BB62-EB8BDDAE1315}"
EndProject
Project("{FAE04EC0-301F-11D3-BF4B-00C04F79EFBC}") = "WinterRose.Reflection", "WinterRose.Reflection\WinterRose.Reflection.csproj", "{B9D4FC76-4843-4037-A6C4-AF23871D3312}"
EndProject
Project("{FAE04EC0-301F-11D3-BF4B-00C04F79EFBC}") = "WinterRose.Legacy", "WinterRose.Legacy\WinterRose.Legacy.csproj", "{45D61AA4-8945-4A0A-ABB3-DCB872B1A81D}"
EndProject
Project("{2150E333-8FDC-42A3-9474-1A3956D46DE8}") = "NetworkServer", "NetworkServer", "{02EA681E-C7D8-13C7-8484-4AC65E1B71E8}"
EndProject
Project("{FAE04EC0-301F-11D3-BF4B-00C04F79EFBC}") = "WinterRose.NetworkServer", "WinterRose.NetworkServer\WinterRose.NetworkServer.csproj", "{BF370AA7-7F97-49CE-852B-E28541228758}"
EndProject
Project("{FAE04EC0-301F-11D3-BF4B-00C04F79EFBC}") = "WinterRose.NetworkServer.Tests", "WinterRose.NetworkServer.Tests\WinterRose.NetworkServer.Tests.csproj", "{28CC2E47-1686-4C55-A90E-76857456A4DD}"
EndProject
Project("{2150E333-8FDC-42A3-9474-1A3956D46DE8}") = "ServiceTest", "ServiceTest", "{1A250D6B-AD12-4491-8A11-AB756124A1D7}"
EndProject
Project("{FAE04EC0-301F-11D3-BF4B-00C04F79EFBC}") = "WinterRoseServerService", "WinterRoseServerService\WinterRoseServerService.csproj", "{D57AADCA-E7DA-4D93-BB32-5096A9953ABA}"
EndProject
Project("{2150E333-8FDC-42A3-9474-1A3956D46DE8}") = "WinterRose.Plugins", "WinterRose.Plugins", "{55835716-829A-4FD8-8D25-BCC694D02C3D}"
EndProject
Project("{FAE04EC0-301F-11D3-BF4B-00C04F79EFBC}") = "WinterRose.Addins", "WinterRose.Addins\WinterRose.Addins.csproj", "{DDFFDBD7-8743-48BC-B0E2-517C7896B521}"
EndProject
Project("{2150E333-8FDC-42A3-9474-1A3956D46DE8}") = "FileChangeTracker", "FileChangeTracker", "{6E64430E-AF3B-4954-BD54-E0E611AEF6F8}"
EndProject
Project("{FAE04EC0-301F-11D3-BF4B-00C04F79EFBC}") = "FileChangeTracker", "FileChangeTracker\FileChangeTracker.csproj", "{C566A924-3B85-4A34-978B-FEA310B9E58F}"
EndProject
Project("{FAE04EC0-301F-11D3-BF4B-00C04F79EFBC}") = "FileChangeTracker.Tests", "FileChangeTracker.Tests\FileChangeTracker.Tests.csproj", "{506CB1B9-37AE-47AA-8A45-459C4A216888}"
EndProject
Global
	GlobalSection(SolutionConfigurationPlatforms) = preSolution
		debug FileServer|Any CPU = debug FileServer|Any CPU
		Debug|Any CPU = Debug|Any CPU
		Release|Any CPU = Release|Any CPU
	EndGlobalSection
	GlobalSection(ProjectConfigurationPlatforms) = postSolution
		{F06D54FC-D745-4B72-900F-8D25A44F12D9}.debug FileServer|Any CPU.ActiveCfg = debug FileServer|Any CPU
		{F06D54FC-D745-4B72-900F-8D25A44F12D9}.debug FileServer|Any CPU.Build.0 = debug FileServer|Any CPU
		{F06D54FC-D745-4B72-900F-8D25A44F12D9}.Debug|Any CPU.ActiveCfg = Debug|Any CPU
		{F06D54FC-D745-4B72-900F-8D25A44F12D9}.Debug|Any CPU.Build.0 = Debug|Any CPU
		{F06D54FC-D745-4B72-900F-8D25A44F12D9}.Release|Any CPU.ActiveCfg = Release|Any CPU
		{F06D54FC-D745-4B72-900F-8D25A44F12D9}.Release|Any CPU.Build.0 = Release|Any CPU
		{B1057F54-8770-4949-8984-9C03A2AB5FB8}.debug FileServer|Any CPU.ActiveCfg = debug FileServer|Any CPU
		{B1057F54-8770-4949-8984-9C03A2AB5FB8}.Debug|Any CPU.ActiveCfg = Debug|Any CPU
		{B1057F54-8770-4949-8984-9C03A2AB5FB8}.Debug|Any CPU.Build.0 = Debug|Any CPU
		{B1057F54-8770-4949-8984-9C03A2AB5FB8}.Release|Any CPU.ActiveCfg = Release|Any CPU
		{B1057F54-8770-4949-8984-9C03A2AB5FB8}.Release|Any CPU.Build.0 = Release|Any CPU
		{030A6588-9083-4285-82EF-FC0AB96A6C6B}.debug FileServer|Any CPU.ActiveCfg = debug FileServer|Any CPU
		{030A6588-9083-4285-82EF-FC0AB96A6C6B}.Debug|Any CPU.ActiveCfg = Debug|Any CPU
		{030A6588-9083-4285-82EF-FC0AB96A6C6B}.Debug|Any CPU.Build.0 = Debug|Any CPU
		{030A6588-9083-4285-82EF-FC0AB96A6C6B}.Release|Any CPU.ActiveCfg = Release|Any CPU
		{030A6588-9083-4285-82EF-FC0AB96A6C6B}.Release|Any CPU.Build.0 = Release|Any CPU
		{73644D07-5B61-43A1-BCEE-C41766EAA0FA}.debug FileServer|Any CPU.ActiveCfg = debug FileServer|Any CPU
		{73644D07-5B61-43A1-BCEE-C41766EAA0FA}.Debug|Any CPU.ActiveCfg = Debug|Any CPU
		{73644D07-5B61-43A1-BCEE-C41766EAA0FA}.Debug|Any CPU.Build.0 = Debug|Any CPU
		{73644D07-5B61-43A1-BCEE-C41766EAA0FA}.Release|Any CPU.ActiveCfg = Release|Any CPU
		{73644D07-5B61-43A1-BCEE-C41766EAA0FA}.Release|Any CPU.Build.0 = Release|Any CPU
		{93996497-4E3E-4AE0-9F8D-10B62A39F96D}.debug FileServer|Any CPU.ActiveCfg = debug FileServer|Any CPU
		{93996497-4E3E-4AE0-9F8D-10B62A39F96D}.Debug|Any CPU.ActiveCfg = Debug|Any CPU
		{93996497-4E3E-4AE0-9F8D-10B62A39F96D}.Debug|Any CPU.Build.0 = Debug|Any CPU
		{93996497-4E3E-4AE0-9F8D-10B62A39F96D}.Release|Any CPU.ActiveCfg = Release|Any CPU
		{93996497-4E3E-4AE0-9F8D-10B62A39F96D}.Release|Any CPU.Build.0 = Release|Any CPU
		{C0F3046D-24C8-4302-B646-E30065A83404}.debug FileServer|Any CPU.ActiveCfg = debug FileServer|Any CPU
		{C0F3046D-24C8-4302-B646-E30065A83404}.Debug|Any CPU.ActiveCfg = Debug|Any CPU
		{C0F3046D-24C8-4302-B646-E30065A83404}.Debug|Any CPU.Build.0 = Debug|Any CPU
		{C0F3046D-24C8-4302-B646-E30065A83404}.Release|Any CPU.ActiveCfg = Release|Any CPU
		{C0F3046D-24C8-4302-B646-E30065A83404}.Release|Any CPU.Build.0 = Release|Any CPU
		{EA719DE6-E90C-44CE-9E80-3EEC169E39D8}.debug FileServer|Any CPU.ActiveCfg = debug FileServer|Any CPU
		{EA719DE6-E90C-44CE-9E80-3EEC169E39D8}.Debug|Any CPU.ActiveCfg = Debug|Any CPU
		{EA719DE6-E90C-44CE-9E80-3EEC169E39D8}.Debug|Any CPU.Build.0 = Debug|Any CPU
		{EA719DE6-E90C-44CE-9E80-3EEC169E39D8}.Release|Any CPU.ActiveCfg = Release|Any CPU
		{EA719DE6-E90C-44CE-9E80-3EEC169E39D8}.Release|Any CPU.Build.0 = Release|Any CPU
		{6612FD4D-B8B6-4E5F-BEF2-65E33A3E7938}.debug FileServer|Any CPU.ActiveCfg = debug FileServer|Any CPU
		{6612FD4D-B8B6-4E5F-BEF2-65E33A3E7938}.Debug|Any CPU.ActiveCfg = Debug|Any CPU
		{6612FD4D-B8B6-4E5F-BEF2-65E33A3E7938}.Debug|Any CPU.Build.0 = Debug|Any CPU
		{6612FD4D-B8B6-4E5F-BEF2-65E33A3E7938}.Release|Any CPU.ActiveCfg = Release|Any CPU
		{6612FD4D-B8B6-4E5F-BEF2-65E33A3E7938}.Release|Any CPU.Build.0 = Release|Any CPU
		{4EDF208C-9051-4AF1-97FA-44D6794560A5}.debug FileServer|Any CPU.ActiveCfg = debug FileServer|Any CPU
		{4EDF208C-9051-4AF1-97FA-44D6794560A5}.Debug|Any CPU.ActiveCfg = Debug|Any CPU
		{4EDF208C-9051-4AF1-97FA-44D6794560A5}.Debug|Any CPU.Build.0 = Debug|Any CPU
		{4EDF208C-9051-4AF1-97FA-44D6794560A5}.Release|Any CPU.ActiveCfg = Release|Any CPU
		{4EDF208C-9051-4AF1-97FA-44D6794560A5}.Release|Any CPU.Build.0 = Release|Any CPU
		{E14D78F9-08CA-4135-A395-F52744D73EF8}.debug FileServer|Any CPU.ActiveCfg = debug FileServer|Any CPU
		{E14D78F9-08CA-4135-A395-F52744D73EF8}.Debug|Any CPU.ActiveCfg = Debug|Any CPU
		{E14D78F9-08CA-4135-A395-F52744D73EF8}.Debug|Any CPU.Build.0 = Debug|Any CPU
		{E14D78F9-08CA-4135-A395-F52744D73EF8}.Release|Any CPU.ActiveCfg = Release|Any CPU
		{E14D78F9-08CA-4135-A395-F52744D73EF8}.Release|Any CPU.Build.0 = Release|Any CPU
		{A539355D-7CEE-4038-BB62-EB8BDDAE1315}.debug FileServer|Any CPU.ActiveCfg = debug FileServer|Any CPU
		{A539355D-7CEE-4038-BB62-EB8BDDAE1315}.Debug|Any CPU.ActiveCfg = Debug|Any CPU
		{A539355D-7CEE-4038-BB62-EB8BDDAE1315}.Debug|Any CPU.Build.0 = Debug|Any CPU
		{A539355D-7CEE-4038-BB62-EB8BDDAE1315}.Release|Any CPU.ActiveCfg = Release|Any CPU
		{A539355D-7CEE-4038-BB62-EB8BDDAE1315}.Release|Any CPU.Build.0 = Release|Any CPU
		{B9D4FC76-4843-4037-A6C4-AF23871D3312}.debug FileServer|Any CPU.ActiveCfg = debug FileServer|Any CPU
		{B9D4FC76-4843-4037-A6C4-AF23871D3312}.debug FileServer|Any CPU.Build.0 = debug FileServer|Any CPU
		{B9D4FC76-4843-4037-A6C4-AF23871D3312}.Debug|Any CPU.ActiveCfg = Debug|Any CPU
		{B9D4FC76-4843-4037-A6C4-AF23871D3312}.Debug|Any CPU.Build.0 = Debug|Any CPU
		{B9D4FC76-4843-4037-A6C4-AF23871D3312}.Release|Any CPU.ActiveCfg = Release|Any CPU
		{B9D4FC76-4843-4037-A6C4-AF23871D3312}.Release|Any CPU.Build.0 = Release|Any CPU
		{45D61AA4-8945-4A0A-ABB3-DCB872B1A81D}.debug FileServer|Any CPU.ActiveCfg = debug FileServer|Any CPU
		{45D61AA4-8945-4A0A-ABB3-DCB872B1A81D}.Debug|Any CPU.ActiveCfg = Debug|Any CPU
		{45D61AA4-8945-4A0A-ABB3-DCB872B1A81D}.Debug|Any CPU.Build.0 = Debug|Any CPU
		{45D61AA4-8945-4A0A-ABB3-DCB872B1A81D}.Release|Any CPU.ActiveCfg = Release|Any CPU
		{45D61AA4-8945-4A0A-ABB3-DCB872B1A81D}.Release|Any CPU.Build.0 = Release|Any CPU
		{BF370AA7-7F97-49CE-852B-E28541228758}.debug FileServer|Any CPU.ActiveCfg = debug FileServer|Any CPU
		{BF370AA7-7F97-49CE-852B-E28541228758}.debug FileServer|Any CPU.Build.0 = debug FileServer|Any CPU
		{BF370AA7-7F97-49CE-852B-E28541228758}.Debug|Any CPU.ActiveCfg = Debug|Any CPU
		{BF370AA7-7F97-49CE-852B-E28541228758}.Debug|Any CPU.Build.0 = Debug|Any CPU
		{BF370AA7-7F97-49CE-852B-E28541228758}.Release|Any CPU.ActiveCfg = Release|Any CPU
		{BF370AA7-7F97-49CE-852B-E28541228758}.Release|Any CPU.Build.0 = Release|Any CPU
		{28CC2E47-1686-4C55-A90E-76857456A4DD}.debug FileServer|Any CPU.ActiveCfg = debug FileServer|Any CPU
		{28CC2E47-1686-4C55-A90E-76857456A4DD}.debug FileServer|Any CPU.Build.0 = debug FileServer|Any CPU
		{28CC2E47-1686-4C55-A90E-76857456A4DD}.Debug|Any CPU.ActiveCfg = Debug|Any CPU
		{28CC2E47-1686-4C55-A90E-76857456A4DD}.Debug|Any CPU.Build.0 = Debug|Any CPU
		{28CC2E47-1686-4C55-A90E-76857456A4DD}.Release|Any CPU.ActiveCfg = Release|Any CPU
		{28CC2E47-1686-4C55-A90E-76857456A4DD}.Release|Any CPU.Build.0 = Release|Any CPU
		{D57AADCA-E7DA-4D93-BB32-5096A9953ABA}.debug FileServer|Any CPU.ActiveCfg = debug FileServer|Any CPU
		{D57AADCA-E7DA-4D93-BB32-5096A9953ABA}.debug FileServer|Any CPU.Build.0 = debug FileServer|Any CPU
		{D57AADCA-E7DA-4D93-BB32-5096A9953ABA}.Debug|Any CPU.ActiveCfg = Debug|Any CPU
		{D57AADCA-E7DA-4D93-BB32-5096A9953ABA}.Debug|Any CPU.Build.0 = Debug|Any CPU
		{D57AADCA-E7DA-4D93-BB32-5096A9953ABA}.Release|Any CPU.ActiveCfg = Release|Any CPU
		{D57AADCA-E7DA-4D93-BB32-5096A9953ABA}.Release|Any CPU.Build.0 = Release|Any CPU
		{DDFFDBD7-8743-48BC-B0E2-517C7896B521}.debug FileServer|Any CPU.ActiveCfg = Debug|Any CPU
		{DDFFDBD7-8743-48BC-B0E2-517C7896B521}.debug FileServer|Any CPU.Build.0 = Debug|Any CPU
		{DDFFDBD7-8743-48BC-B0E2-517C7896B521}.Debug|Any CPU.ActiveCfg = Debug|Any CPU
		{DDFFDBD7-8743-48BC-B0E2-517C7896B521}.Debug|Any CPU.Build.0 = Debug|Any CPU
		{DDFFDBD7-8743-48BC-B0E2-517C7896B521}.Release|Any CPU.ActiveCfg = Release|Any CPU
		{DDFFDBD7-8743-48BC-B0E2-517C7896B521}.Release|Any CPU.Build.0 = Release|Any CPU
		{C566A924-3B85-4A34-978B-FEA310B9E58F}.debug FileServer|Any CPU.ActiveCfg = Debug|Any CPU
		{C566A924-3B85-4A34-978B-FEA310B9E58F}.debug FileServer|Any CPU.Build.0 = Debug|Any CPU
		{C566A924-3B85-4A34-978B-FEA310B9E58F}.Debug|Any CPU.ActiveCfg = Debug|Any CPU
		{C566A924-3B85-4A34-978B-FEA310B9E58F}.Debug|Any CPU.Build.0 = Debug|Any CPU
		{C566A924-3B85-4A34-978B-FEA310B9E58F}.Release|Any CPU.ActiveCfg = Release|Any CPU
		{C566A924-3B85-4A34-978B-FEA310B9E58F}.Release|Any CPU.Build.0 = Release|Any CPU
		{506CB1B9-37AE-47AA-8A45-459C4A216888}.debug FileServer|Any CPU.ActiveCfg = Debug|Any CPU
		{506CB1B9-37AE-47AA-8A45-459C4A216888}.debug FileServer|Any CPU.Build.0 = Debug|Any CPU
		{506CB1B9-37AE-47AA-8A45-459C4A216888}.Debug|Any CPU.ActiveCfg = Debug|Any CPU
		{506CB1B9-37AE-47AA-8A45-459C4A216888}.Debug|Any CPU.Build.0 = Debug|Any CPU
		{506CB1B9-37AE-47AA-8A45-459C4A216888}.Release|Any CPU.ActiveCfg = Release|Any CPU
		{506CB1B9-37AE-47AA-8A45-459C4A216888}.Release|Any CPU.Build.0 = Release|Any CPU
	EndGlobalSection
	GlobalSection(SolutionProperties) = preSolution
		HideSolutionNode = FALSE
	EndGlobalSection
	GlobalSection(NestedProjects) = preSolution
		{F06D54FC-D745-4B72-900F-8D25A44F12D9} = {8C66A3DD-1A47-4526-B197-CB465052BBEF}
		{B1057F54-8770-4949-8984-9C03A2AB5FB8} = {8C66A3DD-1A47-4526-B197-CB465052BBEF}
		{030A6588-9083-4285-82EF-FC0AB96A6C6B} = {CEEC716A-A273-4111-8622-209F54DA8E14}
		{73644D07-5B61-43A1-BCEE-C41766EAA0FA} = {CEEC716A-A273-4111-8622-209F54DA8E14}
		{93996497-4E3E-4AE0-9F8D-10B62A39F96D} = {CEEC716A-A273-4111-8622-209F54DA8E14}
		{C0F3046D-24C8-4302-B646-E30065A83404} = {3698E784-D6C2-4E02-B209-408C1099476D}
		{EA719DE6-E90C-44CE-9E80-3EEC169E39D8} = {6FCE2900-03D1-47A6-BBC8-F5FA059D64FA}
		{6612FD4D-B8B6-4E5F-BEF2-65E33A3E7938} = {6FCE2900-03D1-47A6-BBC8-F5FA059D64FA}
		{4EDF208C-9051-4AF1-97FA-44D6794560A5} = {19A0AC95-7859-4E04-9367-152D5F5D3016}
		{E14D78F9-08CA-4135-A395-F52744D73EF8} = {19A0AC95-7859-4E04-9367-152D5F5D3016}
		{A539355D-7CEE-4038-BB62-EB8BDDAE1315} = {CEEC716A-A273-4111-8622-209F54DA8E14}
		{B9D4FC76-4843-4037-A6C4-AF23871D3312} = {8C66A3DD-1A47-4526-B197-CB465052BBEF}
		{45D61AA4-8945-4A0A-ABB3-DCB872B1A81D} = {8C66A3DD-1A47-4526-B197-CB465052BBEF}
		{02EA681E-C7D8-13C7-8484-4AC65E1B71E8} = {8C66A3DD-1A47-4526-B197-CB465052BBEF}
		{BF370AA7-7F97-49CE-852B-E28541228758} = {02EA681E-C7D8-13C7-8484-4AC65E1B71E8}
		{28CC2E47-1686-4C55-A90E-76857456A4DD} = {02EA681E-C7D8-13C7-8484-4AC65E1B71E8}
		{1A250D6B-AD12-4491-8A11-AB756124A1D7} = {02EA681E-C7D8-13C7-8484-4AC65E1B71E8}
		{D57AADCA-E7DA-4D93-BB32-5096A9953ABA} = {1A250D6B-AD12-4491-8A11-AB756124A1D7}
		{55835716-829A-4FD8-8D25-BCC694D02C3D} = {8C66A3DD-1A47-4526-B197-CB465052BBEF}
		{DDFFDBD7-8743-48BC-B0E2-517C7896B521} = {55835716-829A-4FD8-8D25-BCC694D02C3D}
		{6E64430E-AF3B-4954-BD54-E0E611AEF6F8} = {8C66A3DD-1A47-4526-B197-CB465052BBEF}
		{C566A924-3B85-4A34-978B-FEA310B9E58F} = {6E64430E-AF3B-4954-BD54-E0E611AEF6F8}
		{506CB1B9-37AE-47AA-8A45-459C4A216888} = {6E64430E-AF3B-4954-BD54-E0E611AEF6F8}
	EndGlobalSection
	GlobalSection(ExtensibilityGlobals) = postSolution
		SolutionGuid = {D4476F88-F402-4E67-B4D9-6187D5BAD463}
	EndGlobalSection
EndGlobal
