
Microsoft Visual Studio Solution File, Format Version 12.00
# Visual Studio Version 18
VisualStudioVersion = 18.0.11222.15 d18.0
MinimumVisualStudioVersion = 10.0.40219.1
Project("{9A19103F-16F7-4668-BE54-9A1E7A4F7556}") = "WinterRose", "WinterRose\WinterRose\WinterRose.csproj", "{F06D54FC-D745-4B72-900F-8D25A44F12D9}"
EndProject
Project("{9A19103F-16F7-4668-BE54-9A1E7A4F7556}") = "SnowLibraryTesting", "WinterRose\WinterRoseTesting\SnowLibraryTesting.csproj", "{B1057F54-8770-4949-8984-9C03A2AB5FB8}"
EndProject
Project("{2150E333-8FDC-42A3-9474-1A3956D46DE8}") = "WinterRose Library", "WinterRose Library", "{8C66A3DD-1A47-4526-B197-CB465052BBEF}"
EndProject
Project("{9A19103F-16F7-4668-BE54-9A1E7A4F7556}") = "WinterRose.Monogame", "Monogame\WinterRose.Monogame\WinterRose.Monogame.csproj", "{030A6588-9083-4285-82EF-FC0AB96A6C6B}"
EndProject
Project("{9A19103F-16F7-4668-BE54-9A1E7A4F7556}") = "WinterRose.Monogame.Tests", "Monogame\WinterRose.Monogame.Tests\WinterRose.Monogame.Tests.csproj", "{73644D07-5B61-43A1-BCEE-C41766EAA0FA}"
EndProject
Project("{2150E333-8FDC-42A3-9474-1A3956D46DE8}") = "WinterRose Monogame Library", "WinterRose Monogame Library", "{CEEC716A-A273-4111-8622-209F54DA8E14}"
EndProject
Project("{2150E333-8FDC-42A3-9474-1A3956D46DE8}") = "Solution Items", "Solution Items", "{DEFB07F6-23B4-468F-9831-F3E8AA3D94E6}"
	ProjectSection(SolutionItems) = preProject
		.editorconfig = .editorconfig
		UtilTextFile.txt = UtilTextFile.txt
	EndProjectSection
EndProject
Project("{9A19103F-16F7-4668-BE54-9A1E7A4F7556}") = "WinterRose.Monogame.DamageSystem", "Monogame\WinterRose.Monogame.DamageSystem\WinterRose.Monogame.DamageSystem.csproj", "{93996497-4E3E-4AE0-9F8D-10B62A39F96D}"
EndProject
Project("{2150E333-8FDC-42A3-9474-1A3956D46DE8}") = "GAMES", "GAMES", "{3698E784-D6C2-4E02-B209-408C1099476D}"
EndProject
Project("{9A19103F-16F7-4668-BE54-9A1E7A4F7556}") = "TopDownGame", "GAMES\TopDownGame\TopDownGame.csproj", "{C0F3046D-24C8-4302-B646-E30065A83404}"
EndProject
Project("{2150E333-8FDC-42A3-9474-1A3956D46DE8}") = "ImGui", "ImGui", "{6FCE2900-03D1-47A6-BBC8-F5FA059D64FA}"
EndProject
Project("{9A19103F-16F7-4668-BE54-9A1E7A4F7556}") = "WinterRose.ImGui", "ImGui\WinterRose.ImGui\WinterRose.ImGui.csproj", "{EA719DE6-E90C-44CE-9E80-3EEC169E39D8}"
EndProject
Project("{9A19103F-16F7-4668-BE54-9A1E7A4F7556}") = "WinterRose.ImGui.Tests", "ImGui\WinterRose.ImGui.Tests\WinterRose.ImGui.Tests.csproj", "{6612FD4D-B8B6-4E5F-BEF2-65E33A3E7938}"
EndProject
Project("{FAE04EC0-301F-11D3-BF4B-00C04F79EFBC}") = "WinterRose.SilkEngine", "WinterRose.Silk\WinterRose.SilkEngine.csproj", "{4EDF208C-9051-4AF1-97FA-44D6794560A5}"
EndProject
Project("{FAE04EC0-301F-11D3-BF4B-00C04F79EFBC}") = "WinterRose.SilkEngine.Tests", "WinterRose.Silk.Tests\WinterRose.SilkEngine.Tests.csproj", "{E14D78F9-08CA-4135-A395-F52744D73EF8}"
EndProject
Project("{2150E333-8FDC-42A3-9474-1A3956D46DE8}") = "SilkEngine", "SilkEngine", "{19A0AC95-7859-4E04-9367-152D5F5D3016}"
EndProject
Project("{FAE04EC0-301F-11D3-BF4B-00C04F79EFBC}") = "WinterRose.Monogame.Modding", "WinterRose.Monogame.Modding\WinterRose.Monogame.Modding.csproj", "{A539355D-7CEE-4038-BB62-EB8BDDAE1315}"
EndProject
Project("{FAE04EC0-301F-11D3-BF4B-00C04F79EFBC}") = "WinterRose.Legacy", "WinterRose.Legacy\WinterRose.Legacy.csproj", "{45D61AA4-8945-4A0A-ABB3-DCB872B1A81D}"
EndProject
Project("{2150E333-8FDC-42A3-9474-1A3956D46DE8}") = "NetworkServer", "NetworkServer", "{02EA681E-C7D8-13C7-8484-4AC65E1B71E8}"
EndProject
Project("{FAE04EC0-301F-11D3-BF4B-00C04F79EFBC}") = "WinterRose.NetworkServer", "WinterRose.NetworkServer\WinterRose.NetworkServer.csproj", "{BF370AA7-7F97-49CE-852B-E28541228758}"
EndProject
Project("{FAE04EC0-301F-11D3-BF4B-00C04F79EFBC}") = "WinterRose.NetworkServer.Tests", "WinterRose.NetworkServer.Tests\WinterRose.NetworkServer.Tests.csproj", "{28CC2E47-1686-4C55-A90E-76857456A4DD}"
EndProject
Project("{2150E333-8FDC-42A3-9474-1A3956D46DE8}") = "ServiceTest", "ServiceTest", "{1A250D6B-AD12-4491-8A11-AB756124A1D7}"
EndProject
Project("{FAE04EC0-301F-11D3-BF4B-00C04F79EFBC}") = "WinterRoseServerService", "WinterRoseServerService\WinterRoseServerService.csproj", "{D57AADCA-E7DA-4D93-BB32-5096A9953ABA}"
EndProject
Project("{2150E333-8FDC-42A3-9474-1A3956D46DE8}") = "WinterRose.Plugins", "WinterRose.Plugins", "{55835716-829A-4FD8-8D25-BCC694D02C3D}"
EndProject
Project("{FAE04EC0-301F-11D3-BF4B-00C04F79EFBC}") = "WinterRose.Addins", "WinterRose.Addins\WinterRose.Addins.csproj", "{DDFFDBD7-8743-48BC-B0E2-517C7896B521}"
EndProject
Project("{2150E333-8FDC-42A3-9474-1A3956D46DE8}") = "FileChangeTracker", "FileChangeTracker", "{6E64430E-AF3B-4954-BD54-E0E611AEF6F8}"
EndProject
Project("{FAE04EC0-301F-11D3-BF4B-00C04F79EFBC}") = "FileChangeTracker", "FileChangeTracker\FileChangeTracker.csproj", "{C566A924-3B85-4A34-978B-FEA310B9E58F}"
EndProject
Project("{FAE04EC0-301F-11D3-BF4B-00C04F79EFBC}") = "FileChangeTracker.Tests", "FileChangeTracker.Tests\FileChangeTracker.Tests.csproj", "{506CB1B9-37AE-47AA-8A45-459C4A216888}"
EndProject
Project("{2150E333-8FDC-42A3-9474-1A3956D46DE8}") = "ForgeGuard", "ForgeGuard", "{653D8A94-89BF-4659-9979-A3BC57A251D9}"
EndProject
Project("{FAE04EC0-301F-11D3-BF4B-00C04F79EFBC}") = "WinterRose.ForgeGuard", "WinterRose.ForgeGuard\WinterRose.ForgeGuard.csproj", "{355500B0-AE16-4866-AB37-EE67629E31B1}"
EndProject
Project("{FAE04EC0-301F-11D3-BF4B-00C04F79EFBC}") = "ForgeGuardTests", "ForgeGuardTests\ForgeGuardTests.csproj", "{30C87F4A-904C-492A-9730-C8853F59F58B}"
EndProject
Project("{2150E333-8FDC-42A3-9474-1A3956D46DE8}") = "WinterRose.ForgeWarden", "WinterRose.ForgeWarden", "{01B91BF3-F7F4-4776-8F1A-C6C4FB2E4B5F}"
EndProject
Project("{2150E333-8FDC-42A3-9474-1A3956D46DE8}") = "WinterRose.Diff", "WinterRose.Diff", "{C32B1E62-EA26-42DF-BC5A-78D7A4C016F7}"
EndProject
Project("{FAE04EC0-301F-11D3-BF4B-00C04F79EFBC}") = "WinterRose.Diff", "WinterRose.Diff\WinterRose.Diff.csproj", "{9CDF379E-E90E-44FF-B381-04BFFEEC37F8}"
EndProject
Project("{FAE04EC0-301F-11D3-BF4B-00C04F79EFBC}") = "DiffTrackerTest", "DiffTrackerTest\DiffTrackerTest.csproj", "{3EC82571-D487-4227-B2F9-6F4B5E1CA1AB}"
EndProject
Project("{2150E333-8FDC-42A3-9474-1A3956D46DE8}") = "ForgeMantle", "ForgeMantle", "{369CB01D-A1A7-72D2-AABC-3F0945D148A2}"
EndProject
Project("{FAE04EC0-301F-11D3-BF4B-00C04F79EFBC}") = "WinterRose.ForgeMantle", "ForgeMantle\ForgeMantle\WinterRose.ForgeMantle.csproj", "{E36AA9A3-95AB-4570-845E-EBE9E0002755}"
EndProject
Project("{FAE04EC0-301F-11D3-BF4B-00C04F79EFBC}") = "ForgeMantle.Tests", "ForgeMantle\ForgeMantle.Tests\ForgeMantle.Tests.csproj", "{55730C6A-FF0C-42AA-8003-B19616AF723B}"
EndProject
Project("{FAE04EC0-301F-11D3-BF4B-00C04F79EFBC}") = "WinterRose.ForgeVein", "WinterRose.ForgeVein\WinterRose.ForgeVein\WinterRose.ForgeVein.csproj", "{ABEEA24B-D00B-4D36-9A26-354BFC8F3B19}"
EndProject
Project("{2150E333-8FDC-42A3-9474-1A3956D46DE8}") = "ForgeVein", "ForgeVein", "{7427C55F-70F9-4579-B88A-2DDCD3ABE65C}"
EndProject
Project("{FAE04EC0-301F-11D3-BF4B-00C04F79EFBC}") = "WinterRose.ForgeVein.Tests", "WinterRose.ForgeVein\WinterRose.ForgeVein.Tests\WinterRose.ForgeVein.Tests.csproj", "{579D1A5C-AC79-4D54-A1AB-C85A337373C9}"
EndProject
Project("{FAE04EC0-301F-11D3-BF4B-00C04F79EFBC}") = "WinterRose.WinterForge", "..\WinterRose.WinterForge\src\WinterRose.WinterForge\WinterRose.WinterForge.csproj", "{E24F7E28-E8EF-1090-6DA9-005465117A15}"
EndProject
Project("{FAE04EC0-301F-11D3-BF4B-00C04F79EFBC}") = "WinterRose.Reflection", "..\WinterRose.WinterForge\src\WinterRose.Reflection\WinterRose.Reflection.csproj", "{1CFBD5B7-546C-9791-1011-4344C909CD88}"
EndProject
Project("{FAE04EC0-301F-11D3-BF4B-00C04F79EFBC}") = "WinterRose.ForgeWarden", "WinterRose.ForgeWarden\WinterRose.FrostWarden\WinterRose.ForgeWarden.csproj", "{03B70B3A-BF25-465C-F86E-3EEBAE4BB177}"
EndProject
Project("{FAE04EC0-301F-11D3-BF4B-00C04F79EFBC}") = "WinterRose.FrostWarden.Tests", "WinterRose.ForgeWarden\WinterRose.FrostWarden.Tests\WinterRose.FrostWarden.Tests.csproj", "{E5466A84-1DDD-36AB-509B-1CB1C2373B62}"
EndProject
Project("{FAE04EC0-301F-11D3-BF4B-00C04F79EFBC}") = "WinterRose.ForgeThread", "WinterForge.ForgeThread\WinterRose.ForgeThread\WinterRose.ForgeThread.csproj", "{6ACD96CA-45CA-4461-B778-D9FF1896A597}"
EndProject
Project("{2150E333-8FDC-42A3-9474-1A3956D46DE8}") = "ForgeThread", "ForgeThread", "{115964F2-D8B5-4B88-843C-E5E512E1890D}"
EndProject
Project("{FAE04EC0-301F-11D3-BF4B-00C04F79EFBC}") = "WinterRose.ForgeThread.Tests", "WinterForge.ForgeThread\WinterRose.WinterForge.Tests\WinterRose.ForgeThread.Tests.csproj", "{A6D23BDC-2BD6-4AC8-8F1D-9F2AB49323D7}"
EndProject
Project("{2150E333-8FDC-42A3-9474-1A3956D46DE8}") = "ForgeSignal", "ForgeSignal", "{5385153A-84F6-4C7D-87B3-7C24812D7B64}"
EndProject
Project("{FAE04EC0-301F-11D3-BF4B-00C04F79EFBC}") = "WinterRose.ForgeSignal", "WinterRose.ForgeSignal\WinterRose.ForgeSignal\WinterRose.ForgeSignal.csproj", "{EFE208B0-DB75-4866-8F9D-64B93EFDA7C0}"
EndProject
Project("{FAE04EC0-301F-11D3-BF4B-00C04F79EFBC}") = "WinterRose.ForgeSignal.Tests", "WinterRose.ForgeSignal\WinterRose.ForgeSignal.Tests\WinterRose.ForgeSignal.Tests.csproj", "{45AC9E89-25AC-4DEE-A7D9-ABE7C5C6A586}"
EndProject
Project("{FAE04EC0-301F-11D3-BF4B-00C04F79EFBC}") = "WinterRose.ForgeWarden.DamageSystem", "WinterRose.ForgeWarden.Weapons\WinterRose.ForgeWarden.DamageSystem.csproj", "{E728AE6C-BBBF-41BC-9B97-08278F7B1B9D}"
EndProject
Project("{2150E333-8FDC-42A3-9474-1A3956D46DE8}") = "StateKeeper", "StateKeeper", "{F2AB2B84-FE43-4EAE-B3D7-60ABC6346A4C}"
EndProject
Project("{FAE04EC0-301F-11D3-BF4B-00C04F79EFBC}") = "WinterRose.StateKeeper", "StateKeeper\WinterRose.StateKeeper\WinterRose.StateKeeper.csproj", "{26F85ABB-DF30-4588-AB73-A29234A8F7EC}"
EndProject
Project("{FAE04EC0-301F-11D3-BF4B-00C04F79EFBC}") = "WinterRose.Recordium", "WinterRose.Recordium\WinterRose.Recordium.csproj", "{983C9B92-D049-49DB-A317-B29617FD26A2}"
EndProject
Project("{FAE04EC0-301F-11D3-BF4B-00C04F79EFBC}") = "WinterRose.Recordium.Tests", "WinterRose.Recordium.Tests\WinterRose.Recordium.Tests.csproj", "{B56183D0-516E-49CC-88C0-4CCF1D2897A3}"
EndProject
Project("{2150E333-8FDC-42A3-9474-1A3956D46DE8}") = "Recordium", "Recordium", "{7027AFB3-18DD-4CEE-8E26-5BCCA22DC4FA}"
EndProject
Project("{FAE04EC0-301F-11D3-BF4B-00C04F79EFBC}") = "WinterRoseUtilityApp", "Apps\WinterRoseUtilityApp\WinterRoseUtilityApp.csproj", "{B372A3C4-0AAB-4680-84C7-6A90D62AF4A7}"
EndProject
Project("{2150E333-8FDC-42A3-9474-1A3956D46DE8}") = "Apps", "Apps", "{0F04275B-8EC2-45FF-AAB0-959B0AC29201}"
EndProject
Project("{FAE04EC0-301F-11D3-BF4B-00C04F79EFBC}") = "SpriteSheetCreator", "SpriteSheetCreator\SpriteSheetCreator.csproj", "{5418018E-0329-4840-AA36-F750EB885FE1}"
EndProject
Project("{2150E333-8FDC-42A3-9474-1A3956D46DE8}") = "ForgeCodex", "ForgeCodex", "{200EEE49-C12C-4FD8-B0A1-FA006836D72A}"
EndProject
Project("{FAE04EC0-301F-11D3-BF4B-00C04F79EFBC}") = "WinterRose.ForgeCodex", "WinterRose.ForgeCodex\WinterRose.ForgeCodex\WinterRose.ForgeCodex.csproj", "{DE88481F-70D8-7CA0-D9D1-C6A18ADF82FF}"
EndProject
Project("{FAE04EC0-301F-11D3-BF4B-00C04F79EFBC}") = "WinterRose.ForgeCodex.Tests", "WinterRose.ForgeCodex\WinterRose.ForgeCodex.Tests\WinterRose.ForgeCodex.Tests.csproj", "{CD5BF7A5-4720-ABC3-7A34-E435908A8CA3}"
EndProject
Global
	GlobalSection(SolutionConfigurationPlatforms) = preSolution
		debug FileServer|Any CPU = debug FileServer|Any CPU
		debug FileServer|x64 = debug FileServer|x64
		debug FileServer|x86 = debug FileServer|x86
		Debug|Any CPU = Debug|Any CPU
		Debug|x64 = Debug|x64
		Debug|x86 = Debug|x86
		Release|Any CPU = Release|Any CPU
		Release|x64 = Release|x64
		Release|x86 = Release|x86
	EndGlobalSection
	GlobalSection(ProjectConfigurationPlatforms) = postSolution
		{F06D54FC-D745-4B72-900F-8D25A44F12D9}.debug FileServer|Any CPU.ActiveCfg = debug FileServer|Any CPU
		{F06D54FC-D745-4B72-900F-8D25A44F12D9}.debug FileServer|Any CPU.Build.0 = debug FileServer|Any CPU
		{F06D54FC-D745-4B72-900F-8D25A44F12D9}.debug FileServer|x64.ActiveCfg = debug FileServer|Any CPU
		{F06D54FC-D745-4B72-900F-8D25A44F12D9}.debug FileServer|x64.Build.0 = debug FileServer|Any CPU
		{F06D54FC-D745-4B72-900F-8D25A44F12D9}.debug FileServer|x86.ActiveCfg = debug FileServer|Any CPU
		{F06D54FC-D745-4B72-900F-8D25A44F12D9}.debug FileServer|x86.Build.0 = debug FileServer|Any CPU
		{F06D54FC-D745-4B72-900F-8D25A44F12D9}.Debug|Any CPU.ActiveCfg = Debug|Any CPU
		{F06D54FC-D745-4B72-900F-8D25A44F12D9}.Debug|Any CPU.Build.0 = Debug|Any CPU
		{F06D54FC-D745-4B72-900F-8D25A44F12D9}.Debug|x64.ActiveCfg = Debug|Any CPU
		{F06D54FC-D745-4B72-900F-8D25A44F12D9}.Debug|x64.Build.0 = Debug|Any CPU
		{F06D54FC-D745-4B72-900F-8D25A44F12D9}.Debug|x86.ActiveCfg = Debug|Any CPU
		{F06D54FC-D745-4B72-900F-8D25A44F12D9}.Debug|x86.Build.0 = Debug|Any CPU
		{F06D54FC-D745-4B72-900F-8D25A44F12D9}.Release|Any CPU.ActiveCfg = Release|Any CPU
		{F06D54FC-D745-4B72-900F-8D25A44F12D9}.Release|Any CPU.Build.0 = Release|Any CPU
		{F06D54FC-D745-4B72-900F-8D25A44F12D9}.Release|x64.ActiveCfg = Release|Any CPU
		{F06D54FC-D745-4B72-900F-8D25A44F12D9}.Release|x64.Build.0 = Release|Any CPU
		{F06D54FC-D745-4B72-900F-8D25A44F12D9}.Release|x86.ActiveCfg = Release|Any CPU
		{F06D54FC-D745-4B72-900F-8D25A44F12D9}.Release|x86.Build.0 = Release|Any CPU
		{B1057F54-8770-4949-8984-9C03A2AB5FB8}.debug FileServer|Any CPU.ActiveCfg = debug FileServer|Any CPU
		{B1057F54-8770-4949-8984-9C03A2AB5FB8}.debug FileServer|x64.ActiveCfg = debug FileServer|Any CPU
		{B1057F54-8770-4949-8984-9C03A2AB5FB8}.debug FileServer|x64.Build.0 = debug FileServer|Any CPU
		{B1057F54-8770-4949-8984-9C03A2AB5FB8}.debug FileServer|x86.ActiveCfg = debug FileServer|Any CPU
		{B1057F54-8770-4949-8984-9C03A2AB5FB8}.debug FileServer|x86.Build.0 = debug FileServer|Any CPU
		{B1057F54-8770-4949-8984-9C03A2AB5FB8}.Debug|Any CPU.ActiveCfg = Debug|Any CPU
		{B1057F54-8770-4949-8984-9C03A2AB5FB8}.Debug|Any CPU.Build.0 = Debug|Any CPU
		{B1057F54-8770-4949-8984-9C03A2AB5FB8}.Debug|x64.ActiveCfg = Debug|Any CPU
		{B1057F54-8770-4949-8984-9C03A2AB5FB8}.Debug|x64.Build.0 = Debug|Any CPU
		{B1057F54-8770-4949-8984-9C03A2AB5FB8}.Debug|x86.ActiveCfg = Debug|Any CPU
		{B1057F54-8770-4949-8984-9C03A2AB5FB8}.Debug|x86.Build.0 = Debug|Any CPU
		{B1057F54-8770-4949-8984-9C03A2AB5FB8}.Release|Any CPU.ActiveCfg = Release|Any CPU
		{B1057F54-8770-4949-8984-9C03A2AB5FB8}.Release|Any CPU.Build.0 = Release|Any CPU
		{B1057F54-8770-4949-8984-9C03A2AB5FB8}.Release|x64.ActiveCfg = Release|Any CPU
		{B1057F54-8770-4949-8984-9C03A2AB5FB8}.Release|x64.Build.0 = Release|Any CPU
		{B1057F54-8770-4949-8984-9C03A2AB5FB8}.Release|x86.ActiveCfg = Release|Any CPU
		{B1057F54-8770-4949-8984-9C03A2AB5FB8}.Release|x86.Build.0 = Release|Any CPU
		{030A6588-9083-4285-82EF-FC0AB96A6C6B}.debug FileServer|Any CPU.ActiveCfg = debug FileServer|Any CPU
		{030A6588-9083-4285-82EF-FC0AB96A6C6B}.debug FileServer|x64.ActiveCfg = debug FileServer|Any CPU
		{030A6588-9083-4285-82EF-FC0AB96A6C6B}.debug FileServer|x64.Build.0 = debug FileServer|Any CPU
		{030A6588-9083-4285-82EF-FC0AB96A6C6B}.debug FileServer|x86.ActiveCfg = debug FileServer|Any CPU
		{030A6588-9083-4285-82EF-FC0AB96A6C6B}.debug FileServer|x86.Build.0 = debug FileServer|Any CPU
		{030A6588-9083-4285-82EF-FC0AB96A6C6B}.Debug|Any CPU.ActiveCfg = Debug|Any CPU
		{030A6588-9083-4285-82EF-FC0AB96A6C6B}.Debug|Any CPU.Build.0 = Debug|Any CPU
		{030A6588-9083-4285-82EF-FC0AB96A6C6B}.Debug|x64.ActiveCfg = Debug|Any CPU
		{030A6588-9083-4285-82EF-FC0AB96A6C6B}.Debug|x64.Build.0 = Debug|Any CPU
		{030A6588-9083-4285-82EF-FC0AB96A6C6B}.Debug|x86.ActiveCfg = Debug|Any CPU
		{030A6588-9083-4285-82EF-FC0AB96A6C6B}.Debug|x86.Build.0 = Debug|Any CPU
		{030A6588-9083-4285-82EF-FC0AB96A6C6B}.Release|Any CPU.ActiveCfg = Release|Any CPU
		{030A6588-9083-4285-82EF-FC0AB96A6C6B}.Release|Any CPU.Build.0 = Release|Any CPU
		{030A6588-9083-4285-82EF-FC0AB96A6C6B}.Release|x64.ActiveCfg = Release|Any CPU
		{030A6588-9083-4285-82EF-FC0AB96A6C6B}.Release|x64.Build.0 = Release|Any CPU
		{030A6588-9083-4285-82EF-FC0AB96A6C6B}.Release|x86.ActiveCfg = Release|Any CPU
		{030A6588-9083-4285-82EF-FC0AB96A6C6B}.Release|x86.Build.0 = Release|Any CPU
		{73644D07-5B61-43A1-BCEE-C41766EAA0FA}.debug FileServer|Any CPU.ActiveCfg = debug FileServer|Any CPU
		{73644D07-5B61-43A1-BCEE-C41766EAA0FA}.debug FileServer|x64.ActiveCfg = debug FileServer|Any CPU
		{73644D07-5B61-43A1-BCEE-C41766EAA0FA}.debug FileServer|x64.Build.0 = debug FileServer|Any CPU
		{73644D07-5B61-43A1-BCEE-C41766EAA0FA}.debug FileServer|x86.ActiveCfg = debug FileServer|Any CPU
		{73644D07-5B61-43A1-BCEE-C41766EAA0FA}.debug FileServer|x86.Build.0 = debug FileServer|Any CPU
		{73644D07-5B61-43A1-BCEE-C41766EAA0FA}.Debug|Any CPU.ActiveCfg = Debug|Any CPU
		{73644D07-5B61-43A1-BCEE-C41766EAA0FA}.Debug|Any CPU.Build.0 = Debug|Any CPU
		{73644D07-5B61-43A1-BCEE-C41766EAA0FA}.Debug|x64.ActiveCfg = Debug|Any CPU
		{73644D07-5B61-43A1-BCEE-C41766EAA0FA}.Debug|x64.Build.0 = Debug|Any CPU
		{73644D07-5B61-43A1-BCEE-C41766EAA0FA}.Debug|x86.ActiveCfg = Debug|Any CPU
		{73644D07-5B61-43A1-BCEE-C41766EAA0FA}.Debug|x86.Build.0 = Debug|Any CPU
		{73644D07-5B61-43A1-BCEE-C41766EAA0FA}.Release|Any CPU.ActiveCfg = Release|Any CPU
		{73644D07-5B61-43A1-BCEE-C41766EAA0FA}.Release|Any CPU.Build.0 = Release|Any CPU
		{73644D07-5B61-43A1-BCEE-C41766EAA0FA}.Release|x64.ActiveCfg = Release|Any CPU
		{73644D07-5B61-43A1-BCEE-C41766EAA0FA}.Release|x64.Build.0 = Release|Any CPU
		{73644D07-5B61-43A1-BCEE-C41766EAA0FA}.Release|x86.ActiveCfg = Release|Any CPU
		{73644D07-5B61-43A1-BCEE-C41766EAA0FA}.Release|x86.Build.0 = Release|Any CPU
		{93996497-4E3E-4AE0-9F8D-10B62A39F96D}.debug FileServer|Any CPU.ActiveCfg = debug FileServer|Any CPU
		{93996497-4E3E-4AE0-9F8D-10B62A39F96D}.debug FileServer|x64.ActiveCfg = debug FileServer|Any CPU
		{93996497-4E3E-4AE0-9F8D-10B62A39F96D}.debug FileServer|x64.Build.0 = debug FileServer|Any CPU
		{93996497-4E3E-4AE0-9F8D-10B62A39F96D}.debug FileServer|x86.ActiveCfg = debug FileServer|Any CPU
		{93996497-4E3E-4AE0-9F8D-10B62A39F96D}.debug FileServer|x86.Build.0 = debug FileServer|Any CPU
		{93996497-4E3E-4AE0-9F8D-10B62A39F96D}.Debug|Any CPU.ActiveCfg = Debug|Any CPU
		{93996497-4E3E-4AE0-9F8D-10B62A39F96D}.Debug|Any CPU.Build.0 = Debug|Any CPU
		{93996497-4E3E-4AE0-9F8D-10B62A39F96D}.Debug|x64.ActiveCfg = Debug|Any CPU
		{93996497-4E3E-4AE0-9F8D-10B62A39F96D}.Debug|x64.Build.0 = Debug|Any CPU
		{93996497-4E3E-4AE0-9F8D-10B62A39F96D}.Debug|x86.ActiveCfg = Debug|Any CPU
		{93996497-4E3E-4AE0-9F8D-10B62A39F96D}.Debug|x86.Build.0 = Debug|Any CPU
		{93996497-4E3E-4AE0-9F8D-10B62A39F96D}.Release|Any CPU.ActiveCfg = Release|Any CPU
		{93996497-4E3E-4AE0-9F8D-10B62A39F96D}.Release|Any CPU.Build.0 = Release|Any CPU
		{93996497-4E3E-4AE0-9F8D-10B62A39F96D}.Release|x64.ActiveCfg = Release|Any CPU
		{93996497-4E3E-4AE0-9F8D-10B62A39F96D}.Release|x64.Build.0 = Release|Any CPU
		{93996497-4E3E-4AE0-9F8D-10B62A39F96D}.Release|x86.ActiveCfg = Release|Any CPU
		{93996497-4E3E-4AE0-9F8D-10B62A39F96D}.Release|x86.Build.0 = Release|Any CPU
		{C0F3046D-24C8-4302-B646-E30065A83404}.debug FileServer|Any CPU.ActiveCfg = debug FileServer|Any CPU
		{C0F3046D-24C8-4302-B646-E30065A83404}.debug FileServer|x64.ActiveCfg = debug FileServer|Any CPU
		{C0F3046D-24C8-4302-B646-E30065A83404}.debug FileServer|x64.Build.0 = debug FileServer|Any CPU
		{C0F3046D-24C8-4302-B646-E30065A83404}.debug FileServer|x86.ActiveCfg = debug FileServer|Any CPU
		{C0F3046D-24C8-4302-B646-E30065A83404}.debug FileServer|x86.Build.0 = debug FileServer|Any CPU
		{C0F3046D-24C8-4302-B646-E30065A83404}.Debug|Any CPU.ActiveCfg = Debug|Any CPU
		{C0F3046D-24C8-4302-B646-E30065A83404}.Debug|Any CPU.Build.0 = Debug|Any CPU
		{C0F3046D-24C8-4302-B646-E30065A83404}.Debug|x64.ActiveCfg = Debug|Any CPU
		{C0F3046D-24C8-4302-B646-E30065A83404}.Debug|x64.Build.0 = Debug|Any CPU
		{C0F3046D-24C8-4302-B646-E30065A83404}.Debug|x86.ActiveCfg = Debug|Any CPU
		{C0F3046D-24C8-4302-B646-E30065A83404}.Debug|x86.Build.0 = Debug|Any CPU
		{C0F3046D-24C8-4302-B646-E30065A83404}.Release|Any CPU.ActiveCfg = Release|Any CPU
		{C0F3046D-24C8-4302-B646-E30065A83404}.Release|Any CPU.Build.0 = Release|Any CPU
		{C0F3046D-24C8-4302-B646-E30065A83404}.Release|x64.ActiveCfg = Release|Any CPU
		{C0F3046D-24C8-4302-B646-E30065A83404}.Release|x64.Build.0 = Release|Any CPU
		{C0F3046D-24C8-4302-B646-E30065A83404}.Release|x86.ActiveCfg = Release|Any CPU
		{C0F3046D-24C8-4302-B646-E30065A83404}.Release|x86.Build.0 = Release|Any CPU
		{EA719DE6-E90C-44CE-9E80-3EEC169E39D8}.debug FileServer|Any CPU.ActiveCfg = debug FileServer|Any CPU
		{EA719DE6-E90C-44CE-9E80-3EEC169E39D8}.debug FileServer|x64.ActiveCfg = debug FileServer|Any CPU
		{EA719DE6-E90C-44CE-9E80-3EEC169E39D8}.debug FileServer|x64.Build.0 = debug FileServer|Any CPU
		{EA719DE6-E90C-44CE-9E80-3EEC169E39D8}.debug FileServer|x86.ActiveCfg = debug FileServer|Any CPU
		{EA719DE6-E90C-44CE-9E80-3EEC169E39D8}.debug FileServer|x86.Build.0 = debug FileServer|Any CPU
		{EA719DE6-E90C-44CE-9E80-3EEC169E39D8}.Debug|Any CPU.ActiveCfg = Debug|Any CPU
		{EA719DE6-E90C-44CE-9E80-3EEC169E39D8}.Debug|Any CPU.Build.0 = Debug|Any CPU
		{EA719DE6-E90C-44CE-9E80-3EEC169E39D8}.Debug|x64.ActiveCfg = Debug|Any CPU
		{EA719DE6-E90C-44CE-9E80-3EEC169E39D8}.Debug|x64.Build.0 = Debug|Any CPU
		{EA719DE6-E90C-44CE-9E80-3EEC169E39D8}.Debug|x86.ActiveCfg = Debug|Any CPU
		{EA719DE6-E90C-44CE-9E80-3EEC169E39D8}.Debug|x86.Build.0 = Debug|Any CPU
		{EA719DE6-E90C-44CE-9E80-3EEC169E39D8}.Release|Any CPU.ActiveCfg = Release|Any CPU
		{EA719DE6-E90C-44CE-9E80-3EEC169E39D8}.Release|Any CPU.Build.0 = Release|Any CPU
		{EA719DE6-E90C-44CE-9E80-3EEC169E39D8}.Release|x64.ActiveCfg = Release|Any CPU
		{EA719DE6-E90C-44CE-9E80-3EEC169E39D8}.Release|x64.Build.0 = Release|Any CPU
		{EA719DE6-E90C-44CE-9E80-3EEC169E39D8}.Release|x86.ActiveCfg = Release|Any CPU
		{EA719DE6-E90C-44CE-9E80-3EEC169E39D8}.Release|x86.Build.0 = Release|Any CPU
		{6612FD4D-B8B6-4E5F-BEF2-65E33A3E7938}.debug FileServer|Any CPU.ActiveCfg = debug FileServer|Any CPU
		{6612FD4D-B8B6-4E5F-BEF2-65E33A3E7938}.debug FileServer|x64.ActiveCfg = debug FileServer|Any CPU
		{6612FD4D-B8B6-4E5F-BEF2-65E33A3E7938}.debug FileServer|x64.Build.0 = debug FileServer|Any CPU
		{6612FD4D-B8B6-4E5F-BEF2-65E33A3E7938}.debug FileServer|x86.ActiveCfg = debug FileServer|Any CPU
		{6612FD4D-B8B6-4E5F-BEF2-65E33A3E7938}.debug FileServer|x86.Build.0 = debug FileServer|Any CPU
		{6612FD4D-B8B6-4E5F-BEF2-65E33A3E7938}.Debug|Any CPU.ActiveCfg = Debug|Any CPU
		{6612FD4D-B8B6-4E5F-BEF2-65E33A3E7938}.Debug|Any CPU.Build.0 = Debug|Any CPU
		{6612FD4D-B8B6-4E5F-BEF2-65E33A3E7938}.Debug|x64.ActiveCfg = Debug|Any CPU
		{6612FD4D-B8B6-4E5F-BEF2-65E33A3E7938}.Debug|x64.Build.0 = Debug|Any CPU
		{6612FD4D-B8B6-4E5F-BEF2-65E33A3E7938}.Debug|x86.ActiveCfg = Debug|Any CPU
		{6612FD4D-B8B6-4E5F-BEF2-65E33A3E7938}.Debug|x86.Build.0 = Debug|Any CPU
		{6612FD4D-B8B6-4E5F-BEF2-65E33A3E7938}.Release|Any CPU.ActiveCfg = Release|Any CPU
		{6612FD4D-B8B6-4E5F-BEF2-65E33A3E7938}.Release|Any CPU.Build.0 = Release|Any CPU
		{6612FD4D-B8B6-4E5F-BEF2-65E33A3E7938}.Release|x64.ActiveCfg = Release|Any CPU
		{6612FD4D-B8B6-4E5F-BEF2-65E33A3E7938}.Release|x64.Build.0 = Release|Any CPU
		{6612FD4D-B8B6-4E5F-BEF2-65E33A3E7938}.Release|x86.ActiveCfg = Release|Any CPU
		{6612FD4D-B8B6-4E5F-BEF2-65E33A3E7938}.Release|x86.Build.0 = Release|Any CPU
		{4EDF208C-9051-4AF1-97FA-44D6794560A5}.debug FileServer|Any CPU.ActiveCfg = debug FileServer|Any CPU
		{4EDF208C-9051-4AF1-97FA-44D6794560A5}.debug FileServer|x64.ActiveCfg = debug FileServer|Any CPU
		{4EDF208C-9051-4AF1-97FA-44D6794560A5}.debug FileServer|x64.Build.0 = debug FileServer|Any CPU
		{4EDF208C-9051-4AF1-97FA-44D6794560A5}.debug FileServer|x86.ActiveCfg = debug FileServer|Any CPU
		{4EDF208C-9051-4AF1-97FA-44D6794560A5}.debug FileServer|x86.Build.0 = debug FileServer|Any CPU
		{4EDF208C-9051-4AF1-97FA-44D6794560A5}.Debug|Any CPU.ActiveCfg = Debug|Any CPU
		{4EDF208C-9051-4AF1-97FA-44D6794560A5}.Debug|Any CPU.Build.0 = Debug|Any CPU
		{4EDF208C-9051-4AF1-97FA-44D6794560A5}.Debug|x64.ActiveCfg = Debug|Any CPU
		{4EDF208C-9051-4AF1-97FA-44D6794560A5}.Debug|x64.Build.0 = Debug|Any CPU
		{4EDF208C-9051-4AF1-97FA-44D6794560A5}.Debug|x86.ActiveCfg = Debug|Any CPU
		{4EDF208C-9051-4AF1-97FA-44D6794560A5}.Debug|x86.Build.0 = Debug|Any CPU
		{4EDF208C-9051-4AF1-97FA-44D6794560A5}.Release|Any CPU.ActiveCfg = Release|Any CPU
		{4EDF208C-9051-4AF1-97FA-44D6794560A5}.Release|Any CPU.Build.0 = Release|Any CPU
		{4EDF208C-9051-4AF1-97FA-44D6794560A5}.Release|x64.ActiveCfg = Release|Any CPU
		{4EDF208C-9051-4AF1-97FA-44D6794560A5}.Release|x64.Build.0 = Release|Any CPU
		{4EDF208C-9051-4AF1-97FA-44D6794560A5}.Release|x86.ActiveCfg = Release|Any CPU
		{4EDF208C-9051-4AF1-97FA-44D6794560A5}.Release|x86.Build.0 = Release|Any CPU
		{E14D78F9-08CA-4135-A395-F52744D73EF8}.debug FileServer|Any CPU.ActiveCfg = debug FileServer|Any CPU
		{E14D78F9-08CA-4135-A395-F52744D73EF8}.debug FileServer|x64.ActiveCfg = debug FileServer|Any CPU
		{E14D78F9-08CA-4135-A395-F52744D73EF8}.debug FileServer|x64.Build.0 = debug FileServer|Any CPU
		{E14D78F9-08CA-4135-A395-F52744D73EF8}.debug FileServer|x86.ActiveCfg = debug FileServer|Any CPU
		{E14D78F9-08CA-4135-A395-F52744D73EF8}.debug FileServer|x86.Build.0 = debug FileServer|Any CPU
		{E14D78F9-08CA-4135-A395-F52744D73EF8}.Debug|Any CPU.ActiveCfg = Debug|Any CPU
		{E14D78F9-08CA-4135-A395-F52744D73EF8}.Debug|Any CPU.Build.0 = Debug|Any CPU
		{E14D78F9-08CA-4135-A395-F52744D73EF8}.Debug|x64.ActiveCfg = Debug|Any CPU
		{E14D78F9-08CA-4135-A395-F52744D73EF8}.Debug|x64.Build.0 = Debug|Any CPU
		{E14D78F9-08CA-4135-A395-F52744D73EF8}.Debug|x86.ActiveCfg = Debug|Any CPU
		{E14D78F9-08CA-4135-A395-F52744D73EF8}.Debug|x86.Build.0 = Debug|Any CPU
		{E14D78F9-08CA-4135-A395-F52744D73EF8}.Release|Any CPU.ActiveCfg = Release|Any CPU
		{E14D78F9-08CA-4135-A395-F52744D73EF8}.Release|Any CPU.Build.0 = Release|Any CPU
		{E14D78F9-08CA-4135-A395-F52744D73EF8}.Release|x64.ActiveCfg = Release|Any CPU
		{E14D78F9-08CA-4135-A395-F52744D73EF8}.Release|x64.Build.0 = Release|Any CPU
		{E14D78F9-08CA-4135-A395-F52744D73EF8}.Release|x86.ActiveCfg = Release|Any CPU
		{E14D78F9-08CA-4135-A395-F52744D73EF8}.Release|x86.Build.0 = Release|Any CPU
		{A539355D-7CEE-4038-BB62-EB8BDDAE1315}.debug FileServer|Any CPU.ActiveCfg = debug FileServer|Any CPU
		{A539355D-7CEE-4038-BB62-EB8BDDAE1315}.debug FileServer|x64.ActiveCfg = debug FileServer|Any CPU
		{A539355D-7CEE-4038-BB62-EB8BDDAE1315}.debug FileServer|x64.Build.0 = debug FileServer|Any CPU
		{A539355D-7CEE-4038-BB62-EB8BDDAE1315}.debug FileServer|x86.ActiveCfg = debug FileServer|Any CPU
		{A539355D-7CEE-4038-BB62-EB8BDDAE1315}.debug FileServer|x86.Build.0 = debug FileServer|Any CPU
		{A539355D-7CEE-4038-BB62-EB8BDDAE1315}.Debug|Any CPU.ActiveCfg = Debug|Any CPU
		{A539355D-7CEE-4038-BB62-EB8BDDAE1315}.Debug|Any CPU.Build.0 = Debug|Any CPU
		{A539355D-7CEE-4038-BB62-EB8BDDAE1315}.Debug|x64.ActiveCfg = Debug|Any CPU
		{A539355D-7CEE-4038-BB62-EB8BDDAE1315}.Debug|x64.Build.0 = Debug|Any CPU
		{A539355D-7CEE-4038-BB62-EB8BDDAE1315}.Debug|x86.ActiveCfg = Debug|Any CPU
		{A539355D-7CEE-4038-BB62-EB8BDDAE1315}.Debug|x86.Build.0 = Debug|Any CPU
		{A539355D-7CEE-4038-BB62-EB8BDDAE1315}.Release|Any CPU.ActiveCfg = Release|Any CPU
		{A539355D-7CEE-4038-BB62-EB8BDDAE1315}.Release|Any CPU.Build.0 = Release|Any CPU
		{A539355D-7CEE-4038-BB62-EB8BDDAE1315}.Release|x64.ActiveCfg = Release|Any CPU
		{A539355D-7CEE-4038-BB62-EB8BDDAE1315}.Release|x64.Build.0 = Release|Any CPU
		{A539355D-7CEE-4038-BB62-EB8BDDAE1315}.Release|x86.ActiveCfg = Release|Any CPU
		{A539355D-7CEE-4038-BB62-EB8BDDAE1315}.Release|x86.Build.0 = Release|Any CPU
		{45D61AA4-8945-4A0A-ABB3-DCB872B1A81D}.debug FileServer|Any CPU.ActiveCfg = debug FileServer|Any CPU
		{45D61AA4-8945-4A0A-ABB3-DCB872B1A81D}.debug FileServer|x64.ActiveCfg = debug FileServer|Any CPU
		{45D61AA4-8945-4A0A-ABB3-DCB872B1A81D}.debug FileServer|x64.Build.0 = debug FileServer|Any CPU
		{45D61AA4-8945-4A0A-ABB3-DCB872B1A81D}.debug FileServer|x86.ActiveCfg = debug FileServer|Any CPU
		{45D61AA4-8945-4A0A-ABB3-DCB872B1A81D}.debug FileServer|x86.Build.0 = debug FileServer|Any CPU
		{45D61AA4-8945-4A0A-ABB3-DCB872B1A81D}.Debug|Any CPU.ActiveCfg = Debug|Any CPU
		{45D61AA4-8945-4A0A-ABB3-DCB872B1A81D}.Debug|Any CPU.Build.0 = Debug|Any CPU
		{45D61AA4-8945-4A0A-ABB3-DCB872B1A81D}.Debug|x64.ActiveCfg = Debug|Any CPU
		{45D61AA4-8945-4A0A-ABB3-DCB872B1A81D}.Debug|x64.Build.0 = Debug|Any CPU
		{45D61AA4-8945-4A0A-ABB3-DCB872B1A81D}.Debug|x86.ActiveCfg = Debug|Any CPU
		{45D61AA4-8945-4A0A-ABB3-DCB872B1A81D}.Debug|x86.Build.0 = Debug|Any CPU
		{45D61AA4-8945-4A0A-ABB3-DCB872B1A81D}.Release|Any CPU.ActiveCfg = Release|Any CPU
		{45D61AA4-8945-4A0A-ABB3-DCB872B1A81D}.Release|Any CPU.Build.0 = Release|Any CPU
		{45D61AA4-8945-4A0A-ABB3-DCB872B1A81D}.Release|x64.ActiveCfg = Release|Any CPU
		{45D61AA4-8945-4A0A-ABB3-DCB872B1A81D}.Release|x64.Build.0 = Release|Any CPU
		{45D61AA4-8945-4A0A-ABB3-DCB872B1A81D}.Release|x86.ActiveCfg = Release|Any CPU
		{45D61AA4-8945-4A0A-ABB3-DCB872B1A81D}.Release|x86.Build.0 = Release|Any CPU
		{BF370AA7-7F97-49CE-852B-E28541228758}.debug FileServer|Any CPU.ActiveCfg = debug FileServer|Any CPU
		{BF370AA7-7F97-49CE-852B-E28541228758}.debug FileServer|Any CPU.Build.0 = debug FileServer|Any CPU
		{BF370AA7-7F97-49CE-852B-E28541228758}.debug FileServer|x64.ActiveCfg = debug FileServer|Any CPU
		{BF370AA7-7F97-49CE-852B-E28541228758}.debug FileServer|x64.Build.0 = debug FileServer|Any CPU
		{BF370AA7-7F97-49CE-852B-E28541228758}.debug FileServer|x86.ActiveCfg = debug FileServer|Any CPU
		{BF370AA7-7F97-49CE-852B-E28541228758}.debug FileServer|x86.Build.0 = debug FileServer|Any CPU
		{BF370AA7-7F97-49CE-852B-E28541228758}.Debug|Any CPU.ActiveCfg = Debug|Any CPU
		{BF370AA7-7F97-49CE-852B-E28541228758}.Debug|Any CPU.Build.0 = Debug|Any CPU
		{BF370AA7-7F97-49CE-852B-E28541228758}.Debug|x64.ActiveCfg = Debug|Any CPU
		{BF370AA7-7F97-49CE-852B-E28541228758}.Debug|x64.Build.0 = Debug|Any CPU
		{BF370AA7-7F97-49CE-852B-E28541228758}.Debug|x86.ActiveCfg = Debug|Any CPU
		{BF370AA7-7F97-49CE-852B-E28541228758}.Debug|x86.Build.0 = Debug|Any CPU
		{BF370AA7-7F97-49CE-852B-E28541228758}.Release|Any CPU.ActiveCfg = Release|Any CPU
		{BF370AA7-7F97-49CE-852B-E28541228758}.Release|Any CPU.Build.0 = Release|Any CPU
		{BF370AA7-7F97-49CE-852B-E28541228758}.Release|x64.ActiveCfg = Release|Any CPU
		{BF370AA7-7F97-49CE-852B-E28541228758}.Release|x64.Build.0 = Release|Any CPU
		{BF370AA7-7F97-49CE-852B-E28541228758}.Release|x86.ActiveCfg = Release|Any CPU
		{BF370AA7-7F97-49CE-852B-E28541228758}.Release|x86.Build.0 = Release|Any CPU
		{28CC2E47-1686-4C55-A90E-76857456A4DD}.debug FileServer|Any CPU.ActiveCfg = debug FileServer|Any CPU
		{28CC2E47-1686-4C55-A90E-76857456A4DD}.debug FileServer|Any CPU.Build.0 = debug FileServer|Any CPU
		{28CC2E47-1686-4C55-A90E-76857456A4DD}.debug FileServer|x64.ActiveCfg = debug FileServer|Any CPU
		{28CC2E47-1686-4C55-A90E-76857456A4DD}.debug FileServer|x64.Build.0 = debug FileServer|Any CPU
		{28CC2E47-1686-4C55-A90E-76857456A4DD}.debug FileServer|x86.ActiveCfg = debug FileServer|Any CPU
		{28CC2E47-1686-4C55-A90E-76857456A4DD}.debug FileServer|x86.Build.0 = debug FileServer|Any CPU
		{28CC2E47-1686-4C55-A90E-76857456A4DD}.Debug|Any CPU.ActiveCfg = Debug|Any CPU
		{28CC2E47-1686-4C55-A90E-76857456A4DD}.Debug|Any CPU.Build.0 = Debug|Any CPU
		{28CC2E47-1686-4C55-A90E-76857456A4DD}.Debug|x64.ActiveCfg = Debug|Any CPU
		{28CC2E47-1686-4C55-A90E-76857456A4DD}.Debug|x64.Build.0 = Debug|Any CPU
		{28CC2E47-1686-4C55-A90E-76857456A4DD}.Debug|x86.ActiveCfg = Debug|Any CPU
		{28CC2E47-1686-4C55-A90E-76857456A4DD}.Debug|x86.Build.0 = Debug|Any CPU
		{28CC2E47-1686-4C55-A90E-76857456A4DD}.Release|Any CPU.ActiveCfg = Release|Any CPU
		{28CC2E47-1686-4C55-A90E-76857456A4DD}.Release|Any CPU.Build.0 = Release|Any CPU
		{28CC2E47-1686-4C55-A90E-76857456A4DD}.Release|x64.ActiveCfg = Release|Any CPU
		{28CC2E47-1686-4C55-A90E-76857456A4DD}.Release|x64.Build.0 = Release|Any CPU
		{28CC2E47-1686-4C55-A90E-76857456A4DD}.Release|x86.ActiveCfg = Release|Any CPU
		{28CC2E47-1686-4C55-A90E-76857456A4DD}.Release|x86.Build.0 = Release|Any CPU
		{D57AADCA-E7DA-4D93-BB32-5096A9953ABA}.debug FileServer|Any CPU.ActiveCfg = debug FileServer|Any CPU
		{D57AADCA-E7DA-4D93-BB32-5096A9953ABA}.debug FileServer|Any CPU.Build.0 = debug FileServer|Any CPU
		{D57AADCA-E7DA-4D93-BB32-5096A9953ABA}.debug FileServer|x64.ActiveCfg = debug FileServer|Any CPU
		{D57AADCA-E7DA-4D93-BB32-5096A9953ABA}.debug FileServer|x64.Build.0 = debug FileServer|Any CPU
		{D57AADCA-E7DA-4D93-BB32-5096A9953ABA}.debug FileServer|x86.ActiveCfg = debug FileServer|Any CPU
		{D57AADCA-E7DA-4D93-BB32-5096A9953ABA}.debug FileServer|x86.Build.0 = debug FileServer|Any CPU
		{D57AADCA-E7DA-4D93-BB32-5096A9953ABA}.Debug|Any CPU.ActiveCfg = Debug|Any CPU
		{D57AADCA-E7DA-4D93-BB32-5096A9953ABA}.Debug|Any CPU.Build.0 = Debug|Any CPU
		{D57AADCA-E7DA-4D93-BB32-5096A9953ABA}.Debug|x64.ActiveCfg = Debug|Any CPU
		{D57AADCA-E7DA-4D93-BB32-5096A9953ABA}.Debug|x64.Build.0 = Debug|Any CPU
		{D57AADCA-E7DA-4D93-BB32-5096A9953ABA}.Debug|x86.ActiveCfg = Debug|Any CPU
		{D57AADCA-E7DA-4D93-BB32-5096A9953ABA}.Debug|x86.Build.0 = Debug|Any CPU
		{D57AADCA-E7DA-4D93-BB32-5096A9953ABA}.Release|Any CPU.ActiveCfg = Release|Any CPU
		{D57AADCA-E7DA-4D93-BB32-5096A9953ABA}.Release|Any CPU.Build.0 = Release|Any CPU
		{D57AADCA-E7DA-4D93-BB32-5096A9953ABA}.Release|x64.ActiveCfg = Release|Any CPU
		{D57AADCA-E7DA-4D93-BB32-5096A9953ABA}.Release|x64.Build.0 = Release|Any CPU
		{D57AADCA-E7DA-4D93-BB32-5096A9953ABA}.Release|x86.ActiveCfg = Release|Any CPU
		{D57AADCA-E7DA-4D93-BB32-5096A9953ABA}.Release|x86.Build.0 = Release|Any CPU
		{DDFFDBD7-8743-48BC-B0E2-517C7896B521}.debug FileServer|Any CPU.ActiveCfg = Debug|Any CPU
		{DDFFDBD7-8743-48BC-B0E2-517C7896B521}.debug FileServer|Any CPU.Build.0 = Debug|Any CPU
		{DDFFDBD7-8743-48BC-B0E2-517C7896B521}.debug FileServer|x64.ActiveCfg = Debug|Any CPU
		{DDFFDBD7-8743-48BC-B0E2-517C7896B521}.debug FileServer|x64.Build.0 = Debug|Any CPU
		{DDFFDBD7-8743-48BC-B0E2-517C7896B521}.debug FileServer|x86.ActiveCfg = Debug|Any CPU
		{DDFFDBD7-8743-48BC-B0E2-517C7896B521}.debug FileServer|x86.Build.0 = Debug|Any CPU
		{DDFFDBD7-8743-48BC-B0E2-517C7896B521}.Debug|Any CPU.ActiveCfg = Debug|Any CPU
		{DDFFDBD7-8743-48BC-B0E2-517C7896B521}.Debug|Any CPU.Build.0 = Debug|Any CPU
		{DDFFDBD7-8743-48BC-B0E2-517C7896B521}.Debug|x64.ActiveCfg = Debug|Any CPU
		{DDFFDBD7-8743-48BC-B0E2-517C7896B521}.Debug|x64.Build.0 = Debug|Any CPU
		{DDFFDBD7-8743-48BC-B0E2-517C7896B521}.Debug|x86.ActiveCfg = Debug|Any CPU
		{DDFFDBD7-8743-48BC-B0E2-517C7896B521}.Debug|x86.Build.0 = Debug|Any CPU
		{DDFFDBD7-8743-48BC-B0E2-517C7896B521}.Release|Any CPU.ActiveCfg = Release|Any CPU
		{DDFFDBD7-8743-48BC-B0E2-517C7896B521}.Release|Any CPU.Build.0 = Release|Any CPU
		{DDFFDBD7-8743-48BC-B0E2-517C7896B521}.Release|x64.ActiveCfg = Release|Any CPU
		{DDFFDBD7-8743-48BC-B0E2-517C7896B521}.Release|x64.Build.0 = Release|Any CPU
		{DDFFDBD7-8743-48BC-B0E2-517C7896B521}.Release|x86.ActiveCfg = Release|Any CPU
		{DDFFDBD7-8743-48BC-B0E2-517C7896B521}.Release|x86.Build.0 = Release|Any CPU
		{C566A924-3B85-4A34-978B-FEA310B9E58F}.debug FileServer|Any CPU.ActiveCfg = Debug|Any CPU
		{C566A924-3B85-4A34-978B-FEA310B9E58F}.debug FileServer|Any CPU.Build.0 = Debug|Any CPU
		{C566A924-3B85-4A34-978B-FEA310B9E58F}.debug FileServer|x64.ActiveCfg = Debug|Any CPU
		{C566A924-3B85-4A34-978B-FEA310B9E58F}.debug FileServer|x64.Build.0 = Debug|Any CPU
		{C566A924-3B85-4A34-978B-FEA310B9E58F}.debug FileServer|x86.ActiveCfg = Debug|Any CPU
		{C566A924-3B85-4A34-978B-FEA310B9E58F}.debug FileServer|x86.Build.0 = Debug|Any CPU
		{C566A924-3B85-4A34-978B-FEA310B9E58F}.Debug|Any CPU.ActiveCfg = Debug|Any CPU
		{C566A924-3B85-4A34-978B-FEA310B9E58F}.Debug|Any CPU.Build.0 = Debug|Any CPU
		{C566A924-3B85-4A34-978B-FEA310B9E58F}.Debug|x64.ActiveCfg = Debug|Any CPU
		{C566A924-3B85-4A34-978B-FEA310B9E58F}.Debug|x64.Build.0 = Debug|Any CPU
		{C566A924-3B85-4A34-978B-FEA310B9E58F}.Debug|x86.ActiveCfg = Debug|Any CPU
		{C566A924-3B85-4A34-978B-FEA310B9E58F}.Debug|x86.Build.0 = Debug|Any CPU
		{C566A924-3B85-4A34-978B-FEA310B9E58F}.Release|Any CPU.ActiveCfg = Release|Any CPU
		{C566A924-3B85-4A34-978B-FEA310B9E58F}.Release|Any CPU.Build.0 = Release|Any CPU
		{C566A924-3B85-4A34-978B-FEA310B9E58F}.Release|x64.ActiveCfg = Release|Any CPU
		{C566A924-3B85-4A34-978B-FEA310B9E58F}.Release|x64.Build.0 = Release|Any CPU
		{C566A924-3B85-4A34-978B-FEA310B9E58F}.Release|x86.ActiveCfg = Release|Any CPU
		{C566A924-3B85-4A34-978B-FEA310B9E58F}.Release|x86.Build.0 = Release|Any CPU
		{506CB1B9-37AE-47AA-8A45-459C4A216888}.debug FileServer|Any CPU.ActiveCfg = Debug|Any CPU
		{506CB1B9-37AE-47AA-8A45-459C4A216888}.debug FileServer|Any CPU.Build.0 = Debug|Any CPU
		{506CB1B9-37AE-47AA-8A45-459C4A216888}.debug FileServer|x64.ActiveCfg = Debug|Any CPU
		{506CB1B9-37AE-47AA-8A45-459C4A216888}.debug FileServer|x64.Build.0 = Debug|Any CPU
		{506CB1B9-37AE-47AA-8A45-459C4A216888}.debug FileServer|x86.ActiveCfg = Debug|Any CPU
		{506CB1B9-37AE-47AA-8A45-459C4A216888}.debug FileServer|x86.Build.0 = Debug|Any CPU
		{506CB1B9-37AE-47AA-8A45-459C4A216888}.Debug|Any CPU.ActiveCfg = Debug|Any CPU
		{506CB1B9-37AE-47AA-8A45-459C4A216888}.Debug|Any CPU.Build.0 = Debug|Any CPU
		{506CB1B9-37AE-47AA-8A45-459C4A216888}.Debug|x64.ActiveCfg = Debug|Any CPU
		{506CB1B9-37AE-47AA-8A45-459C4A216888}.Debug|x64.Build.0 = Debug|Any CPU
		{506CB1B9-37AE-47AA-8A45-459C4A216888}.Debug|x86.ActiveCfg = Debug|Any CPU
		{506CB1B9-37AE-47AA-8A45-459C4A216888}.Debug|x86.Build.0 = Debug|Any CPU
		{506CB1B9-37AE-47AA-8A45-459C4A216888}.Release|Any CPU.ActiveCfg = Release|Any CPU
		{506CB1B9-37AE-47AA-8A45-459C4A216888}.Release|Any CPU.Build.0 = Release|Any CPU
		{506CB1B9-37AE-47AA-8A45-459C4A216888}.Release|x64.ActiveCfg = Release|Any CPU
		{506CB1B9-37AE-47AA-8A45-459C4A216888}.Release|x64.Build.0 = Release|Any CPU
		{506CB1B9-37AE-47AA-8A45-459C4A216888}.Release|x86.ActiveCfg = Release|Any CPU
		{506CB1B9-37AE-47AA-8A45-459C4A216888}.Release|x86.Build.0 = Release|Any CPU
		{355500B0-AE16-4866-AB37-EE67629E31B1}.debug FileServer|Any CPU.ActiveCfg = Debug|Any CPU
		{355500B0-AE16-4866-AB37-EE67629E31B1}.debug FileServer|Any CPU.Build.0 = Debug|Any CPU
		{355500B0-AE16-4866-AB37-EE67629E31B1}.debug FileServer|x64.ActiveCfg = Debug|Any CPU
		{355500B0-AE16-4866-AB37-EE67629E31B1}.debug FileServer|x64.Build.0 = Debug|Any CPU
		{355500B0-AE16-4866-AB37-EE67629E31B1}.debug FileServer|x86.ActiveCfg = Debug|Any CPU
		{355500B0-AE16-4866-AB37-EE67629E31B1}.debug FileServer|x86.Build.0 = Debug|Any CPU
		{355500B0-AE16-4866-AB37-EE67629E31B1}.Debug|Any CPU.ActiveCfg = Debug|Any CPU
		{355500B0-AE16-4866-AB37-EE67629E31B1}.Debug|Any CPU.Build.0 = Debug|Any CPU
		{355500B0-AE16-4866-AB37-EE67629E31B1}.Debug|x64.ActiveCfg = Debug|Any CPU
		{355500B0-AE16-4866-AB37-EE67629E31B1}.Debug|x64.Build.0 = Debug|Any CPU
		{355500B0-AE16-4866-AB37-EE67629E31B1}.Debug|x86.ActiveCfg = Debug|Any CPU
		{355500B0-AE16-4866-AB37-EE67629E31B1}.Debug|x86.Build.0 = Debug|Any CPU
		{355500B0-AE16-4866-AB37-EE67629E31B1}.Release|Any CPU.ActiveCfg = Release|Any CPU
		{355500B0-AE16-4866-AB37-EE67629E31B1}.Release|Any CPU.Build.0 = Release|Any CPU
		{355500B0-AE16-4866-AB37-EE67629E31B1}.Release|x64.ActiveCfg = Release|Any CPU
		{355500B0-AE16-4866-AB37-EE67629E31B1}.Release|x64.Build.0 = Release|Any CPU
		{355500B0-AE16-4866-AB37-EE67629E31B1}.Release|x86.ActiveCfg = Release|Any CPU
		{355500B0-AE16-4866-AB37-EE67629E31B1}.Release|x86.Build.0 = Release|Any CPU
		{30C87F4A-904C-492A-9730-C8853F59F58B}.debug FileServer|Any CPU.ActiveCfg = Debug|Any CPU
		{30C87F4A-904C-492A-9730-C8853F59F58B}.debug FileServer|Any CPU.Build.0 = Debug|Any CPU
		{30C87F4A-904C-492A-9730-C8853F59F58B}.debug FileServer|x64.ActiveCfg = Debug|Any CPU
		{30C87F4A-904C-492A-9730-C8853F59F58B}.debug FileServer|x64.Build.0 = Debug|Any CPU
		{30C87F4A-904C-492A-9730-C8853F59F58B}.debug FileServer|x86.ActiveCfg = Debug|Any CPU
		{30C87F4A-904C-492A-9730-C8853F59F58B}.debug FileServer|x86.Build.0 = Debug|Any CPU
		{30C87F4A-904C-492A-9730-C8853F59F58B}.Debug|Any CPU.ActiveCfg = Debug|Any CPU
		{30C87F4A-904C-492A-9730-C8853F59F58B}.Debug|Any CPU.Build.0 = Debug|Any CPU
		{30C87F4A-904C-492A-9730-C8853F59F58B}.Debug|x64.ActiveCfg = Debug|Any CPU
		{30C87F4A-904C-492A-9730-C8853F59F58B}.Debug|x64.Build.0 = Debug|Any CPU
		{30C87F4A-904C-492A-9730-C8853F59F58B}.Debug|x86.ActiveCfg = Debug|Any CPU
		{30C87F4A-904C-492A-9730-C8853F59F58B}.Debug|x86.Build.0 = Debug|Any CPU
		{30C87F4A-904C-492A-9730-C8853F59F58B}.Release|Any CPU.ActiveCfg = Release|Any CPU
		{30C87F4A-904C-492A-9730-C8853F59F58B}.Release|Any CPU.Build.0 = Release|Any CPU
		{30C87F4A-904C-492A-9730-C8853F59F58B}.Release|x64.ActiveCfg = Release|Any CPU
		{30C87F4A-904C-492A-9730-C8853F59F58B}.Release|x64.Build.0 = Release|Any CPU
		{30C87F4A-904C-492A-9730-C8853F59F58B}.Release|x86.ActiveCfg = Release|Any CPU
		{30C87F4A-904C-492A-9730-C8853F59F58B}.Release|x86.Build.0 = Release|Any CPU
		{9CDF379E-E90E-44FF-B381-04BFFEEC37F8}.debug FileServer|Any CPU.ActiveCfg = Debug|Any CPU
		{9CDF379E-E90E-44FF-B381-04BFFEEC37F8}.debug FileServer|Any CPU.Build.0 = Debug|Any CPU
		{9CDF379E-E90E-44FF-B381-04BFFEEC37F8}.debug FileServer|x64.ActiveCfg = Debug|Any CPU
		{9CDF379E-E90E-44FF-B381-04BFFEEC37F8}.debug FileServer|x64.Build.0 = Debug|Any CPU
		{9CDF379E-E90E-44FF-B381-04BFFEEC37F8}.debug FileServer|x86.ActiveCfg = Debug|Any CPU
		{9CDF379E-E90E-44FF-B381-04BFFEEC37F8}.debug FileServer|x86.Build.0 = Debug|Any CPU
		{9CDF379E-E90E-44FF-B381-04BFFEEC37F8}.Debug|Any CPU.ActiveCfg = Debug|Any CPU
		{9CDF379E-E90E-44FF-B381-04BFFEEC37F8}.Debug|Any CPU.Build.0 = Debug|Any CPU
		{9CDF379E-E90E-44FF-B381-04BFFEEC37F8}.Debug|x64.ActiveCfg = Debug|Any CPU
		{9CDF379E-E90E-44FF-B381-04BFFEEC37F8}.Debug|x64.Build.0 = Debug|Any CPU
		{9CDF379E-E90E-44FF-B381-04BFFEEC37F8}.Debug|x86.ActiveCfg = Debug|Any CPU
		{9CDF379E-E90E-44FF-B381-04BFFEEC37F8}.Debug|x86.Build.0 = Debug|Any CPU
		{9CDF379E-E90E-44FF-B381-04BFFEEC37F8}.Release|Any CPU.ActiveCfg = Release|Any CPU
		{9CDF379E-E90E-44FF-B381-04BFFEEC37F8}.Release|Any CPU.Build.0 = Release|Any CPU
		{9CDF379E-E90E-44FF-B381-04BFFEEC37F8}.Release|x64.ActiveCfg = Release|Any CPU
		{9CDF379E-E90E-44FF-B381-04BFFEEC37F8}.Release|x64.Build.0 = Release|Any CPU
		{9CDF379E-E90E-44FF-B381-04BFFEEC37F8}.Release|x86.ActiveCfg = Release|Any CPU
		{9CDF379E-E90E-44FF-B381-04BFFEEC37F8}.Release|x86.Build.0 = Release|Any CPU
		{3EC82571-D487-4227-B2F9-6F4B5E1CA1AB}.debug FileServer|Any CPU.ActiveCfg = Debug|Any CPU
		{3EC82571-D487-4227-B2F9-6F4B5E1CA1AB}.debug FileServer|Any CPU.Build.0 = Debug|Any CPU
		{3EC82571-D487-4227-B2F9-6F4B5E1CA1AB}.debug FileServer|x64.ActiveCfg = Debug|Any CPU
		{3EC82571-D487-4227-B2F9-6F4B5E1CA1AB}.debug FileServer|x64.Build.0 = Debug|Any CPU
		{3EC82571-D487-4227-B2F9-6F4B5E1CA1AB}.debug FileServer|x86.ActiveCfg = Debug|Any CPU
		{3EC82571-D487-4227-B2F9-6F4B5E1CA1AB}.debug FileServer|x86.Build.0 = Debug|Any CPU
		{3EC82571-D487-4227-B2F9-6F4B5E1CA1AB}.Debug|Any CPU.ActiveCfg = Debug|Any CPU
		{3EC82571-D487-4227-B2F9-6F4B5E1CA1AB}.Debug|Any CPU.Build.0 = Debug|Any CPU
		{3EC82571-D487-4227-B2F9-6F4B5E1CA1AB}.Debug|x64.ActiveCfg = Debug|Any CPU
		{3EC82571-D487-4227-B2F9-6F4B5E1CA1AB}.Debug|x64.Build.0 = Debug|Any CPU
		{3EC82571-D487-4227-B2F9-6F4B5E1CA1AB}.Debug|x86.ActiveCfg = Debug|Any CPU
		{3EC82571-D487-4227-B2F9-6F4B5E1CA1AB}.Debug|x86.Build.0 = Debug|Any CPU
		{3EC82571-D487-4227-B2F9-6F4B5E1CA1AB}.Release|Any CPU.ActiveCfg = Release|Any CPU
		{3EC82571-D487-4227-B2F9-6F4B5E1CA1AB}.Release|Any CPU.Build.0 = Release|Any CPU
		{3EC82571-D487-4227-B2F9-6F4B5E1CA1AB}.Release|x64.ActiveCfg = Release|Any CPU
		{3EC82571-D487-4227-B2F9-6F4B5E1CA1AB}.Release|x64.Build.0 = Release|Any CPU
		{3EC82571-D487-4227-B2F9-6F4B5E1CA1AB}.Release|x86.ActiveCfg = Release|Any CPU
		{3EC82571-D487-4227-B2F9-6F4B5E1CA1AB}.Release|x86.Build.0 = Release|Any CPU
		{E36AA9A3-95AB-4570-845E-EBE9E0002755}.debug FileServer|Any CPU.ActiveCfg = Debug|Any CPU
		{E36AA9A3-95AB-4570-845E-EBE9E0002755}.debug FileServer|Any CPU.Build.0 = Debug|Any CPU
		{E36AA9A3-95AB-4570-845E-EBE9E0002755}.debug FileServer|x64.ActiveCfg = Debug|Any CPU
		{E36AA9A3-95AB-4570-845E-EBE9E0002755}.debug FileServer|x64.Build.0 = Debug|Any CPU
		{E36AA9A3-95AB-4570-845E-EBE9E0002755}.debug FileServer|x86.ActiveCfg = Debug|Any CPU
		{E36AA9A3-95AB-4570-845E-EBE9E0002755}.debug FileServer|x86.Build.0 = Debug|Any CPU
		{E36AA9A3-95AB-4570-845E-EBE9E0002755}.Debug|Any CPU.ActiveCfg = Debug|Any CPU
		{E36AA9A3-95AB-4570-845E-EBE9E0002755}.Debug|Any CPU.Build.0 = Debug|Any CPU
		{E36AA9A3-95AB-4570-845E-EBE9E0002755}.Debug|x64.ActiveCfg = Debug|Any CPU
		{E36AA9A3-95AB-4570-845E-EBE9E0002755}.Debug|x64.Build.0 = Debug|Any CPU
		{E36AA9A3-95AB-4570-845E-EBE9E0002755}.Debug|x86.ActiveCfg = Debug|Any CPU
		{E36AA9A3-95AB-4570-845E-EBE9E0002755}.Debug|x86.Build.0 = Debug|Any CPU
		{E36AA9A3-95AB-4570-845E-EBE9E0002755}.Release|Any CPU.ActiveCfg = Release|Any CPU
		{E36AA9A3-95AB-4570-845E-EBE9E0002755}.Release|Any CPU.Build.0 = Release|Any CPU
		{E36AA9A3-95AB-4570-845E-EBE9E0002755}.Release|x64.ActiveCfg = Release|Any CPU
		{E36AA9A3-95AB-4570-845E-EBE9E0002755}.Release|x64.Build.0 = Release|Any CPU
		{E36AA9A3-95AB-4570-845E-EBE9E0002755}.Release|x86.ActiveCfg = Release|Any CPU
		{E36AA9A3-95AB-4570-845E-EBE9E0002755}.Release|x86.Build.0 = Release|Any CPU
		{55730C6A-FF0C-42AA-8003-B19616AF723B}.debug FileServer|Any CPU.ActiveCfg = Debug|Any CPU
		{55730C6A-FF0C-42AA-8003-B19616AF723B}.debug FileServer|Any CPU.Build.0 = Debug|Any CPU
		{55730C6A-FF0C-42AA-8003-B19616AF723B}.debug FileServer|x64.ActiveCfg = Debug|Any CPU
		{55730C6A-FF0C-42AA-8003-B19616AF723B}.debug FileServer|x64.Build.0 = Debug|Any CPU
		{55730C6A-FF0C-42AA-8003-B19616AF723B}.debug FileServer|x86.ActiveCfg = Debug|Any CPU
		{55730C6A-FF0C-42AA-8003-B19616AF723B}.debug FileServer|x86.Build.0 = Debug|Any CPU
		{55730C6A-FF0C-42AA-8003-B19616AF723B}.Debug|Any CPU.ActiveCfg = Debug|Any CPU
		{55730C6A-FF0C-42AA-8003-B19616AF723B}.Debug|Any CPU.Build.0 = Debug|Any CPU
		{55730C6A-FF0C-42AA-8003-B19616AF723B}.Debug|x64.ActiveCfg = Debug|Any CPU
		{55730C6A-FF0C-42AA-8003-B19616AF723B}.Debug|x64.Build.0 = Debug|Any CPU
		{55730C6A-FF0C-42AA-8003-B19616AF723B}.Debug|x86.ActiveCfg = Debug|Any CPU
		{55730C6A-FF0C-42AA-8003-B19616AF723B}.Debug|x86.Build.0 = Debug|Any CPU
		{55730C6A-FF0C-42AA-8003-B19616AF723B}.Release|Any CPU.ActiveCfg = Release|Any CPU
		{55730C6A-FF0C-42AA-8003-B19616AF723B}.Release|Any CPU.Build.0 = Release|Any CPU
		{55730C6A-FF0C-42AA-8003-B19616AF723B}.Release|x64.ActiveCfg = Release|Any CPU
		{55730C6A-FF0C-42AA-8003-B19616AF723B}.Release|x64.Build.0 = Release|Any CPU
		{55730C6A-FF0C-42AA-8003-B19616AF723B}.Release|x86.ActiveCfg = Release|Any CPU
		{55730C6A-FF0C-42AA-8003-B19616AF723B}.Release|x86.Build.0 = Release|Any CPU
		{ABEEA24B-D00B-4D36-9A26-354BFC8F3B19}.debug FileServer|Any CPU.ActiveCfg = Debug|Any CPU
		{ABEEA24B-D00B-4D36-9A26-354BFC8F3B19}.debug FileServer|Any CPU.Build.0 = Debug|Any CPU
		{ABEEA24B-D00B-4D36-9A26-354BFC8F3B19}.debug FileServer|x64.ActiveCfg = Debug|Any CPU
		{ABEEA24B-D00B-4D36-9A26-354BFC8F3B19}.debug FileServer|x64.Build.0 = Debug|Any CPU
		{ABEEA24B-D00B-4D36-9A26-354BFC8F3B19}.debug FileServer|x86.ActiveCfg = Debug|Any CPU
		{ABEEA24B-D00B-4D36-9A26-354BFC8F3B19}.debug FileServer|x86.Build.0 = Debug|Any CPU
		{ABEEA24B-D00B-4D36-9A26-354BFC8F3B19}.Debug|Any CPU.ActiveCfg = Debug|Any CPU
		{ABEEA24B-D00B-4D36-9A26-354BFC8F3B19}.Debug|Any CPU.Build.0 = Debug|Any CPU
		{ABEEA24B-D00B-4D36-9A26-354BFC8F3B19}.Debug|x64.ActiveCfg = Debug|Any CPU
		{ABEEA24B-D00B-4D36-9A26-354BFC8F3B19}.Debug|x64.Build.0 = Debug|Any CPU
		{ABEEA24B-D00B-4D36-9A26-354BFC8F3B19}.Debug|x86.ActiveCfg = Debug|Any CPU
		{ABEEA24B-D00B-4D36-9A26-354BFC8F3B19}.Debug|x86.Build.0 = Debug|Any CPU
		{ABEEA24B-D00B-4D36-9A26-354BFC8F3B19}.Release|Any CPU.ActiveCfg = Release|Any CPU
		{ABEEA24B-D00B-4D36-9A26-354BFC8F3B19}.Release|Any CPU.Build.0 = Release|Any CPU
		{ABEEA24B-D00B-4D36-9A26-354BFC8F3B19}.Release|x64.ActiveCfg = Release|Any CPU
		{ABEEA24B-D00B-4D36-9A26-354BFC8F3B19}.Release|x64.Build.0 = Release|Any CPU
		{ABEEA24B-D00B-4D36-9A26-354BFC8F3B19}.Release|x86.ActiveCfg = Release|Any CPU
		{ABEEA24B-D00B-4D36-9A26-354BFC8F3B19}.Release|x86.Build.0 = Release|Any CPU
		{579D1A5C-AC79-4D54-A1AB-C85A337373C9}.debug FileServer|Any CPU.ActiveCfg = Debug|Any CPU
		{579D1A5C-AC79-4D54-A1AB-C85A337373C9}.debug FileServer|Any CPU.Build.0 = Debug|Any CPU
		{579D1A5C-AC79-4D54-A1AB-C85A337373C9}.debug FileServer|x64.ActiveCfg = Debug|Any CPU
		{579D1A5C-AC79-4D54-A1AB-C85A337373C9}.debug FileServer|x64.Build.0 = Debug|Any CPU
		{579D1A5C-AC79-4D54-A1AB-C85A337373C9}.debug FileServer|x86.ActiveCfg = Debug|Any CPU
		{579D1A5C-AC79-4D54-A1AB-C85A337373C9}.debug FileServer|x86.Build.0 = Debug|Any CPU
		{579D1A5C-AC79-4D54-A1AB-C85A337373C9}.Debug|Any CPU.ActiveCfg = Debug|Any CPU
		{579D1A5C-AC79-4D54-A1AB-C85A337373C9}.Debug|Any CPU.Build.0 = Debug|Any CPU
		{579D1A5C-AC79-4D54-A1AB-C85A337373C9}.Debug|x64.ActiveCfg = Debug|Any CPU
		{579D1A5C-AC79-4D54-A1AB-C85A337373C9}.Debug|x64.Build.0 = Debug|Any CPU
		{579D1A5C-AC79-4D54-A1AB-C85A337373C9}.Debug|x86.ActiveCfg = Debug|Any CPU
		{579D1A5C-AC79-4D54-A1AB-C85A337373C9}.Debug|x86.Build.0 = Debug|Any CPU
		{579D1A5C-AC79-4D54-A1AB-C85A337373C9}.Release|Any CPU.ActiveCfg = Release|Any CPU
		{579D1A5C-AC79-4D54-A1AB-C85A337373C9}.Release|Any CPU.Build.0 = Release|Any CPU
		{579D1A5C-AC79-4D54-A1AB-C85A337373C9}.Release|x64.ActiveCfg = Release|Any CPU
		{579D1A5C-AC79-4D54-A1AB-C85A337373C9}.Release|x64.Build.0 = Release|Any CPU
		{579D1A5C-AC79-4D54-A1AB-C85A337373C9}.Release|x86.ActiveCfg = Release|Any CPU
		{579D1A5C-AC79-4D54-A1AB-C85A337373C9}.Release|x86.Build.0 = Release|Any CPU
		{E24F7E28-E8EF-1090-6DA9-005465117A15}.debug FileServer|Any CPU.ActiveCfg = Debug|Any CPU
		{E24F7E28-E8EF-1090-6DA9-005465117A15}.debug FileServer|Any CPU.Build.0 = Debug|Any CPU
		{E24F7E28-E8EF-1090-6DA9-005465117A15}.debug FileServer|x64.ActiveCfg = Debug|Any CPU
		{E24F7E28-E8EF-1090-6DA9-005465117A15}.debug FileServer|x64.Build.0 = Debug|Any CPU
		{E24F7E28-E8EF-1090-6DA9-005465117A15}.debug FileServer|x86.ActiveCfg = Debug|Any CPU
		{E24F7E28-E8EF-1090-6DA9-005465117A15}.debug FileServer|x86.Build.0 = Debug|Any CPU
		{E24F7E28-E8EF-1090-6DA9-005465117A15}.Debug|Any CPU.ActiveCfg = Debug|Any CPU
		{E24F7E28-E8EF-1090-6DA9-005465117A15}.Debug|Any CPU.Build.0 = Debug|Any CPU
		{E24F7E28-E8EF-1090-6DA9-005465117A15}.Debug|x64.ActiveCfg = Debug|Any CPU
		{E24F7E28-E8EF-1090-6DA9-005465117A15}.Debug|x64.Build.0 = Debug|Any CPU
		{E24F7E28-E8EF-1090-6DA9-005465117A15}.Debug|x86.ActiveCfg = Debug|Any CPU
		{E24F7E28-E8EF-1090-6DA9-005465117A15}.Debug|x86.Build.0 = Debug|Any CPU
		{E24F7E28-E8EF-1090-6DA9-005465117A15}.Release|Any CPU.ActiveCfg = Release|Any CPU
		{E24F7E28-E8EF-1090-6DA9-005465117A15}.Release|Any CPU.Build.0 = Release|Any CPU
		{E24F7E28-E8EF-1090-6DA9-005465117A15}.Release|x64.ActiveCfg = Release|Any CPU
		{E24F7E28-E8EF-1090-6DA9-005465117A15}.Release|x64.Build.0 = Release|Any CPU
		{E24F7E28-E8EF-1090-6DA9-005465117A15}.Release|x86.ActiveCfg = Release|Any CPU
		{E24F7E28-E8EF-1090-6DA9-005465117A15}.Release|x86.Build.0 = Release|Any CPU
		{1CFBD5B7-546C-9791-1011-4344C909CD88}.debug FileServer|Any CPU.ActiveCfg = debug FileServer|Any CPU
		{1CFBD5B7-546C-9791-1011-4344C909CD88}.debug FileServer|Any CPU.Build.0 = debug FileServer|Any CPU
		{1CFBD5B7-546C-9791-1011-4344C909CD88}.debug FileServer|x64.ActiveCfg = debug FileServer|Any CPU
		{1CFBD5B7-546C-9791-1011-4344C909CD88}.debug FileServer|x64.Build.0 = debug FileServer|Any CPU
		{1CFBD5B7-546C-9791-1011-4344C909CD88}.debug FileServer|x86.ActiveCfg = debug FileServer|Any CPU
		{1CFBD5B7-546C-9791-1011-4344C909CD88}.debug FileServer|x86.Build.0 = debug FileServer|Any CPU
		{1CFBD5B7-546C-9791-1011-4344C909CD88}.Debug|Any CPU.ActiveCfg = Debug|Any CPU
		{1CFBD5B7-546C-9791-1011-4344C909CD88}.Debug|Any CPU.Build.0 = Debug|Any CPU
		{1CFBD5B7-546C-9791-1011-4344C909CD88}.Debug|x64.ActiveCfg = Debug|Any CPU
		{1CFBD5B7-546C-9791-1011-4344C909CD88}.Debug|x64.Build.0 = Debug|Any CPU
		{1CFBD5B7-546C-9791-1011-4344C909CD88}.Debug|x86.ActiveCfg = Debug|Any CPU
		{1CFBD5B7-546C-9791-1011-4344C909CD88}.Debug|x86.Build.0 = Debug|Any CPU
		{1CFBD5B7-546C-9791-1011-4344C909CD88}.Release|Any CPU.ActiveCfg = Release|Any CPU
		{1CFBD5B7-546C-9791-1011-4344C909CD88}.Release|Any CPU.Build.0 = Release|Any CPU
		{1CFBD5B7-546C-9791-1011-4344C909CD88}.Release|x64.ActiveCfg = Release|Any CPU
		{1CFBD5B7-546C-9791-1011-4344C909CD88}.Release|x64.Build.0 = Release|Any CPU
		{1CFBD5B7-546C-9791-1011-4344C909CD88}.Release|x86.ActiveCfg = Release|Any CPU
		{1CFBD5B7-546C-9791-1011-4344C909CD88}.Release|x86.Build.0 = Release|Any CPU
		{03B70B3A-BF25-465C-F86E-3EEBAE4BB177}.debug FileServer|Any CPU.ActiveCfg = Debug|Any CPU
		{03B70B3A-BF25-465C-F86E-3EEBAE4BB177}.debug FileServer|Any CPU.Build.0 = Debug|Any CPU
		{03B70B3A-BF25-465C-F86E-3EEBAE4BB177}.debug FileServer|x64.ActiveCfg = Debug|Any CPU
		{03B70B3A-BF25-465C-F86E-3EEBAE4BB177}.debug FileServer|x64.Build.0 = Debug|Any CPU
		{03B70B3A-BF25-465C-F86E-3EEBAE4BB177}.debug FileServer|x86.ActiveCfg = Debug|Any CPU
		{03B70B3A-BF25-465C-F86E-3EEBAE4BB177}.debug FileServer|x86.Build.0 = Debug|Any CPU
		{03B70B3A-BF25-465C-F86E-3EEBAE4BB177}.Debug|Any CPU.ActiveCfg = Debug|Any CPU
		{03B70B3A-BF25-465C-F86E-3EEBAE4BB177}.Debug|Any CPU.Build.0 = Debug|Any CPU
		{03B70B3A-BF25-465C-F86E-3EEBAE4BB177}.Debug|x64.ActiveCfg = Debug|Any CPU
		{03B70B3A-BF25-465C-F86E-3EEBAE4BB177}.Debug|x64.Build.0 = Debug|Any CPU
		{03B70B3A-BF25-465C-F86E-3EEBAE4BB177}.Debug|x86.ActiveCfg = Debug|Any CPU
		{03B70B3A-BF25-465C-F86E-3EEBAE4BB177}.Debug|x86.Build.0 = Debug|Any CPU
		{03B70B3A-BF25-465C-F86E-3EEBAE4BB177}.Release|Any CPU.ActiveCfg = Release|Any CPU
		{03B70B3A-BF25-465C-F86E-3EEBAE4BB177}.Release|Any CPU.Build.0 = Release|Any CPU
		{03B70B3A-BF25-465C-F86E-3EEBAE4BB177}.Release|x64.ActiveCfg = Release|Any CPU
		{03B70B3A-BF25-465C-F86E-3EEBAE4BB177}.Release|x64.Build.0 = Release|Any CPU
		{03B70B3A-BF25-465C-F86E-3EEBAE4BB177}.Release|x86.ActiveCfg = Release|Any CPU
		{03B70B3A-BF25-465C-F86E-3EEBAE4BB177}.Release|x86.Build.0 = Release|Any CPU
		{E5466A84-1DDD-36AB-509B-1CB1C2373B62}.debug FileServer|Any CPU.ActiveCfg = Debug|Any CPU
		{E5466A84-1DDD-36AB-509B-1CB1C2373B62}.debug FileServer|Any CPU.Build.0 = Debug|Any CPU
		{E5466A84-1DDD-36AB-509B-1CB1C2373B62}.debug FileServer|x64.ActiveCfg = Debug|Any CPU
		{E5466A84-1DDD-36AB-509B-1CB1C2373B62}.debug FileServer|x64.Build.0 = Debug|Any CPU
		{E5466A84-1DDD-36AB-509B-1CB1C2373B62}.debug FileServer|x86.ActiveCfg = Debug|Any CPU
		{E5466A84-1DDD-36AB-509B-1CB1C2373B62}.debug FileServer|x86.Build.0 = Debug|Any CPU
		{E5466A84-1DDD-36AB-509B-1CB1C2373B62}.Debug|Any CPU.ActiveCfg = Debug|Any CPU
		{E5466A84-1DDD-36AB-509B-1CB1C2373B62}.Debug|Any CPU.Build.0 = Debug|Any CPU
		{E5466A84-1DDD-36AB-509B-1CB1C2373B62}.Debug|x64.ActiveCfg = Debug|Any CPU
		{E5466A84-1DDD-36AB-509B-1CB1C2373B62}.Debug|x64.Build.0 = Debug|Any CPU
		{E5466A84-1DDD-36AB-509B-1CB1C2373B62}.Debug|x86.ActiveCfg = Debug|Any CPU
		{E5466A84-1DDD-36AB-509B-1CB1C2373B62}.Debug|x86.Build.0 = Debug|Any CPU
		{E5466A84-1DDD-36AB-509B-1CB1C2373B62}.Release|Any CPU.ActiveCfg = Release|Any CPU
		{E5466A84-1DDD-36AB-509B-1CB1C2373B62}.Release|Any CPU.Build.0 = Release|Any CPU
		{E5466A84-1DDD-36AB-509B-1CB1C2373B62}.Release|x64.ActiveCfg = Release|Any CPU
		{E5466A84-1DDD-36AB-509B-1CB1C2373B62}.Release|x64.Build.0 = Release|Any CPU
		{E5466A84-1DDD-36AB-509B-1CB1C2373B62}.Release|x86.ActiveCfg = Release|Any CPU
		{E5466A84-1DDD-36AB-509B-1CB1C2373B62}.Release|x86.Build.0 = Release|Any CPU
		{6ACD96CA-45CA-4461-B778-D9FF1896A597}.debug FileServer|Any CPU.ActiveCfg = Debug|Any CPU
		{6ACD96CA-45CA-4461-B778-D9FF1896A597}.debug FileServer|Any CPU.Build.0 = Debug|Any CPU
		{6ACD96CA-45CA-4461-B778-D9FF1896A597}.debug FileServer|x64.ActiveCfg = Debug|Any CPU
		{6ACD96CA-45CA-4461-B778-D9FF1896A597}.debug FileServer|x64.Build.0 = Debug|Any CPU
		{6ACD96CA-45CA-4461-B778-D9FF1896A597}.debug FileServer|x86.ActiveCfg = Debug|Any CPU
		{6ACD96CA-45CA-4461-B778-D9FF1896A597}.debug FileServer|x86.Build.0 = Debug|Any CPU
		{6ACD96CA-45CA-4461-B778-D9FF1896A597}.Debug|Any CPU.ActiveCfg = Debug|Any CPU
		{6ACD96CA-45CA-4461-B778-D9FF1896A597}.Debug|Any CPU.Build.0 = Debug|Any CPU
		{6ACD96CA-45CA-4461-B778-D9FF1896A597}.Debug|x64.ActiveCfg = Debug|Any CPU
		{6ACD96CA-45CA-4461-B778-D9FF1896A597}.Debug|x64.Build.0 = Debug|Any CPU
		{6ACD96CA-45CA-4461-B778-D9FF1896A597}.Debug|x86.ActiveCfg = Debug|Any CPU
		{6ACD96CA-45CA-4461-B778-D9FF1896A597}.Debug|x86.Build.0 = Debug|Any CPU
		{6ACD96CA-45CA-4461-B778-D9FF1896A597}.Release|Any CPU.ActiveCfg = Release|Any CPU
		{6ACD96CA-45CA-4461-B778-D9FF1896A597}.Release|Any CPU.Build.0 = Release|Any CPU
		{6ACD96CA-45CA-4461-B778-D9FF1896A597}.Release|x64.ActiveCfg = Release|Any CPU
		{6ACD96CA-45CA-4461-B778-D9FF1896A597}.Release|x64.Build.0 = Release|Any CPU
		{6ACD96CA-45CA-4461-B778-D9FF1896A597}.Release|x86.ActiveCfg = Release|Any CPU
		{6ACD96CA-45CA-4461-B778-D9FF1896A597}.Release|x86.Build.0 = Release|Any CPU
		{A6D23BDC-2BD6-4AC8-8F1D-9F2AB49323D7}.debug FileServer|Any CPU.ActiveCfg = Debug|Any CPU
		{A6D23BDC-2BD6-4AC8-8F1D-9F2AB49323D7}.debug FileServer|Any CPU.Build.0 = Debug|Any CPU
		{A6D23BDC-2BD6-4AC8-8F1D-9F2AB49323D7}.debug FileServer|x64.ActiveCfg = Debug|Any CPU
		{A6D23BDC-2BD6-4AC8-8F1D-9F2AB49323D7}.debug FileServer|x64.Build.0 = Debug|Any CPU
		{A6D23BDC-2BD6-4AC8-8F1D-9F2AB49323D7}.debug FileServer|x86.ActiveCfg = Debug|Any CPU
		{A6D23BDC-2BD6-4AC8-8F1D-9F2AB49323D7}.debug FileServer|x86.Build.0 = Debug|Any CPU
		{A6D23BDC-2BD6-4AC8-8F1D-9F2AB49323D7}.Debug|Any CPU.ActiveCfg = Debug|Any CPU
		{A6D23BDC-2BD6-4AC8-8F1D-9F2AB49323D7}.Debug|Any CPU.Build.0 = Debug|Any CPU
		{A6D23BDC-2BD6-4AC8-8F1D-9F2AB49323D7}.Debug|x64.ActiveCfg = Debug|Any CPU
		{A6D23BDC-2BD6-4AC8-8F1D-9F2AB49323D7}.Debug|x64.Build.0 = Debug|Any CPU
		{A6D23BDC-2BD6-4AC8-8F1D-9F2AB49323D7}.Debug|x86.ActiveCfg = Debug|Any CPU
		{A6D23BDC-2BD6-4AC8-8F1D-9F2AB49323D7}.Debug|x86.Build.0 = Debug|Any CPU
		{A6D23BDC-2BD6-4AC8-8F1D-9F2AB49323D7}.Release|Any CPU.ActiveCfg = Release|Any CPU
		{A6D23BDC-2BD6-4AC8-8F1D-9F2AB49323D7}.Release|Any CPU.Build.0 = Release|Any CPU
		{A6D23BDC-2BD6-4AC8-8F1D-9F2AB49323D7}.Release|x64.ActiveCfg = Release|Any CPU
		{A6D23BDC-2BD6-4AC8-8F1D-9F2AB49323D7}.Release|x64.Build.0 = Release|Any CPU
		{A6D23BDC-2BD6-4AC8-8F1D-9F2AB49323D7}.Release|x86.ActiveCfg = Release|Any CPU
		{A6D23BDC-2BD6-4AC8-8F1D-9F2AB49323D7}.Release|x86.Build.0 = Release|Any CPU
		{EFE208B0-DB75-4866-8F9D-64B93EFDA7C0}.debug FileServer|Any CPU.ActiveCfg = Debug|Any CPU
		{EFE208B0-DB75-4866-8F9D-64B93EFDA7C0}.debug FileServer|Any CPU.Build.0 = Debug|Any CPU
		{EFE208B0-DB75-4866-8F9D-64B93EFDA7C0}.debug FileServer|x64.ActiveCfg = Debug|Any CPU
		{EFE208B0-DB75-4866-8F9D-64B93EFDA7C0}.debug FileServer|x64.Build.0 = Debug|Any CPU
		{EFE208B0-DB75-4866-8F9D-64B93EFDA7C0}.debug FileServer|x86.ActiveCfg = Debug|Any CPU
		{EFE208B0-DB75-4866-8F9D-64B93EFDA7C0}.debug FileServer|x86.Build.0 = Debug|Any CPU
		{EFE208B0-DB75-4866-8F9D-64B93EFDA7C0}.Debug|Any CPU.ActiveCfg = Debug|Any CPU
		{EFE208B0-DB75-4866-8F9D-64B93EFDA7C0}.Debug|Any CPU.Build.0 = Debug|Any CPU
		{EFE208B0-DB75-4866-8F9D-64B93EFDA7C0}.Debug|x64.ActiveCfg = Debug|Any CPU
		{EFE208B0-DB75-4866-8F9D-64B93EFDA7C0}.Debug|x64.Build.0 = Debug|Any CPU
		{EFE208B0-DB75-4866-8F9D-64B93EFDA7C0}.Debug|x86.ActiveCfg = Debug|Any CPU
		{EFE208B0-DB75-4866-8F9D-64B93EFDA7C0}.Debug|x86.Build.0 = Debug|Any CPU
		{EFE208B0-DB75-4866-8F9D-64B93EFDA7C0}.Release|Any CPU.ActiveCfg = Release|Any CPU
		{EFE208B0-DB75-4866-8F9D-64B93EFDA7C0}.Release|Any CPU.Build.0 = Release|Any CPU
		{EFE208B0-DB75-4866-8F9D-64B93EFDA7C0}.Release|x64.ActiveCfg = Release|Any CPU
		{EFE208B0-DB75-4866-8F9D-64B93EFDA7C0}.Release|x64.Build.0 = Release|Any CPU
		{EFE208B0-DB75-4866-8F9D-64B93EFDA7C0}.Release|x86.ActiveCfg = Release|Any CPU
		{EFE208B0-DB75-4866-8F9D-64B93EFDA7C0}.Release|x86.Build.0 = Release|Any CPU
		{45AC9E89-25AC-4DEE-A7D9-ABE7C5C6A586}.debug FileServer|Any CPU.ActiveCfg = Debug|Any CPU
		{45AC9E89-25AC-4DEE-A7D9-ABE7C5C6A586}.debug FileServer|Any CPU.Build.0 = Debug|Any CPU
		{45AC9E89-25AC-4DEE-A7D9-ABE7C5C6A586}.debug FileServer|x64.ActiveCfg = Debug|Any CPU
		{45AC9E89-25AC-4DEE-A7D9-ABE7C5C6A586}.debug FileServer|x64.Build.0 = Debug|Any CPU
		{45AC9E89-25AC-4DEE-A7D9-ABE7C5C6A586}.debug FileServer|x86.ActiveCfg = Debug|Any CPU
		{45AC9E89-25AC-4DEE-A7D9-ABE7C5C6A586}.debug FileServer|x86.Build.0 = Debug|Any CPU
		{45AC9E89-25AC-4DEE-A7D9-ABE7C5C6A586}.Debug|Any CPU.ActiveCfg = Debug|Any CPU
		{45AC9E89-25AC-4DEE-A7D9-ABE7C5C6A586}.Debug|Any CPU.Build.0 = Debug|Any CPU
		{45AC9E89-25AC-4DEE-A7D9-ABE7C5C6A586}.Debug|x64.ActiveCfg = Debug|Any CPU
		{45AC9E89-25AC-4DEE-A7D9-ABE7C5C6A586}.Debug|x64.Build.0 = Debug|Any CPU
		{45AC9E89-25AC-4DEE-A7D9-ABE7C5C6A586}.Debug|x86.ActiveCfg = Debug|Any CPU
		{45AC9E89-25AC-4DEE-A7D9-ABE7C5C6A586}.Debug|x86.Build.0 = Debug|Any CPU
		{45AC9E89-25AC-4DEE-A7D9-ABE7C5C6A586}.Release|Any CPU.ActiveCfg = Release|Any CPU
		{45AC9E89-25AC-4DEE-A7D9-ABE7C5C6A586}.Release|Any CPU.Build.0 = Release|Any CPU
		{45AC9E89-25AC-4DEE-A7D9-ABE7C5C6A586}.Release|x64.ActiveCfg = Release|Any CPU
		{45AC9E89-25AC-4DEE-A7D9-ABE7C5C6A586}.Release|x64.Build.0 = Release|Any CPU
		{45AC9E89-25AC-4DEE-A7D9-ABE7C5C6A586}.Release|x86.ActiveCfg = Release|Any CPU
		{45AC9E89-25AC-4DEE-A7D9-ABE7C5C6A586}.Release|x86.Build.0 = Release|Any CPU
		{E728AE6C-BBBF-41BC-9B97-08278F7B1B9D}.debug FileServer|Any CPU.ActiveCfg = Debug|Any CPU
		{E728AE6C-BBBF-41BC-9B97-08278F7B1B9D}.debug FileServer|Any CPU.Build.0 = Debug|Any CPU
		{E728AE6C-BBBF-41BC-9B97-08278F7B1B9D}.debug FileServer|x64.ActiveCfg = Debug|Any CPU
		{E728AE6C-BBBF-41BC-9B97-08278F7B1B9D}.debug FileServer|x64.Build.0 = Debug|Any CPU
		{E728AE6C-BBBF-41BC-9B97-08278F7B1B9D}.debug FileServer|x86.ActiveCfg = Debug|Any CPU
		{E728AE6C-BBBF-41BC-9B97-08278F7B1B9D}.debug FileServer|x86.Build.0 = Debug|Any CPU
		{E728AE6C-BBBF-41BC-9B97-08278F7B1B9D}.Debug|Any CPU.ActiveCfg = Debug|Any CPU
		{E728AE6C-BBBF-41BC-9B97-08278F7B1B9D}.Debug|Any CPU.Build.0 = Debug|Any CPU
		{E728AE6C-BBBF-41BC-9B97-08278F7B1B9D}.Debug|x64.ActiveCfg = Debug|Any CPU
		{E728AE6C-BBBF-41BC-9B97-08278F7B1B9D}.Debug|x64.Build.0 = Debug|Any CPU
		{E728AE6C-BBBF-41BC-9B97-08278F7B1B9D}.Debug|x86.ActiveCfg = Debug|Any CPU
		{E728AE6C-BBBF-41BC-9B97-08278F7B1B9D}.Debug|x86.Build.0 = Debug|Any CPU
		{E728AE6C-BBBF-41BC-9B97-08278F7B1B9D}.Release|Any CPU.ActiveCfg = Release|Any CPU
		{E728AE6C-BBBF-41BC-9B97-08278F7B1B9D}.Release|Any CPU.Build.0 = Release|Any CPU
		{E728AE6C-BBBF-41BC-9B97-08278F7B1B9D}.Release|x64.ActiveCfg = Release|Any CPU
		{E728AE6C-BBBF-41BC-9B97-08278F7B1B9D}.Release|x64.Build.0 = Release|Any CPU
		{E728AE6C-BBBF-41BC-9B97-08278F7B1B9D}.Release|x86.ActiveCfg = Release|Any CPU
		{E728AE6C-BBBF-41BC-9B97-08278F7B1B9D}.Release|x86.Build.0 = Release|Any CPU
		{26F85ABB-DF30-4588-AB73-A29234A8F7EC}.debug FileServer|Any CPU.ActiveCfg = Debug|Any CPU
		{26F85ABB-DF30-4588-AB73-A29234A8F7EC}.debug FileServer|Any CPU.Build.0 = Debug|Any CPU
		{26F85ABB-DF30-4588-AB73-A29234A8F7EC}.debug FileServer|x64.ActiveCfg = Debug|Any CPU
		{26F85ABB-DF30-4588-AB73-A29234A8F7EC}.debug FileServer|x64.Build.0 = Debug|Any CPU
		{26F85ABB-DF30-4588-AB73-A29234A8F7EC}.debug FileServer|x86.ActiveCfg = Debug|Any CPU
		{26F85ABB-DF30-4588-AB73-A29234A8F7EC}.debug FileServer|x86.Build.0 = Debug|Any CPU
		{26F85ABB-DF30-4588-AB73-A29234A8F7EC}.Debug|Any CPU.ActiveCfg = Debug|Any CPU
		{26F85ABB-DF30-4588-AB73-A29234A8F7EC}.Debug|Any CPU.Build.0 = Debug|Any CPU
		{26F85ABB-DF30-4588-AB73-A29234A8F7EC}.Debug|x64.ActiveCfg = Debug|Any CPU
		{26F85ABB-DF30-4588-AB73-A29234A8F7EC}.Debug|x64.Build.0 = Debug|Any CPU
		{26F85ABB-DF30-4588-AB73-A29234A8F7EC}.Debug|x86.ActiveCfg = Debug|Any CPU
		{26F85ABB-DF30-4588-AB73-A29234A8F7EC}.Debug|x86.Build.0 = Debug|Any CPU
		{26F85ABB-DF30-4588-AB73-A29234A8F7EC}.Release|Any CPU.ActiveCfg = Release|Any CPU
		{26F85ABB-DF30-4588-AB73-A29234A8F7EC}.Release|Any CPU.Build.0 = Release|Any CPU
		{26F85ABB-DF30-4588-AB73-A29234A8F7EC}.Release|x64.ActiveCfg = Release|Any CPU
		{26F85ABB-DF30-4588-AB73-A29234A8F7EC}.Release|x64.Build.0 = Release|Any CPU
		{26F85ABB-DF30-4588-AB73-A29234A8F7EC}.Release|x86.ActiveCfg = Release|Any CPU
		{26F85ABB-DF30-4588-AB73-A29234A8F7EC}.Release|x86.Build.0 = Release|Any CPU
		{983C9B92-D049-49DB-A317-B29617FD26A2}.debug FileServer|Any CPU.ActiveCfg = Debug|Any CPU
		{983C9B92-D049-49DB-A317-B29617FD26A2}.debug FileServer|Any CPU.Build.0 = Debug|Any CPU
		{983C9B92-D049-49DB-A317-B29617FD26A2}.debug FileServer|x64.ActiveCfg = Debug|Any CPU
		{983C9B92-D049-49DB-A317-B29617FD26A2}.debug FileServer|x64.Build.0 = Debug|Any CPU
		{983C9B92-D049-49DB-A317-B29617FD26A2}.debug FileServer|x86.ActiveCfg = Debug|Any CPU
		{983C9B92-D049-49DB-A317-B29617FD26A2}.debug FileServer|x86.Build.0 = Debug|Any CPU
		{983C9B92-D049-49DB-A317-B29617FD26A2}.Debug|Any CPU.ActiveCfg = Debug|Any CPU
		{983C9B92-D049-49DB-A317-B29617FD26A2}.Debug|Any CPU.Build.0 = Debug|Any CPU
		{983C9B92-D049-49DB-A317-B29617FD26A2}.Debug|x64.ActiveCfg = Debug|Any CPU
		{983C9B92-D049-49DB-A317-B29617FD26A2}.Debug|x64.Build.0 = Debug|Any CPU
		{983C9B92-D049-49DB-A317-B29617FD26A2}.Debug|x86.ActiveCfg = Debug|Any CPU
		{983C9B92-D049-49DB-A317-B29617FD26A2}.Debug|x86.Build.0 = Debug|Any CPU
		{983C9B92-D049-49DB-A317-B29617FD26A2}.Release|Any CPU.ActiveCfg = Release|Any CPU
		{983C9B92-D049-49DB-A317-B29617FD26A2}.Release|Any CPU.Build.0 = Release|Any CPU
		{983C9B92-D049-49DB-A317-B29617FD26A2}.Release|x64.ActiveCfg = Release|Any CPU
		{983C9B92-D049-49DB-A317-B29617FD26A2}.Release|x64.Build.0 = Release|Any CPU
		{983C9B92-D049-49DB-A317-B29617FD26A2}.Release|x86.ActiveCfg = Release|Any CPU
		{983C9B92-D049-49DB-A317-B29617FD26A2}.Release|x86.Build.0 = Release|Any CPU
		{B56183D0-516E-49CC-88C0-4CCF1D2897A3}.debug FileServer|Any CPU.ActiveCfg = Debug|Any CPU
		{B56183D0-516E-49CC-88C0-4CCF1D2897A3}.debug FileServer|Any CPU.Build.0 = Debug|Any CPU
		{B56183D0-516E-49CC-88C0-4CCF1D2897A3}.debug FileServer|x64.ActiveCfg = Debug|Any CPU
		{B56183D0-516E-49CC-88C0-4CCF1D2897A3}.debug FileServer|x64.Build.0 = Debug|Any CPU
		{B56183D0-516E-49CC-88C0-4CCF1D2897A3}.debug FileServer|x86.ActiveCfg = Debug|Any CPU
		{B56183D0-516E-49CC-88C0-4CCF1D2897A3}.debug FileServer|x86.Build.0 = Debug|Any CPU
		{B56183D0-516E-49CC-88C0-4CCF1D2897A3}.Debug|Any CPU.ActiveCfg = Debug|Any CPU
		{B56183D0-516E-49CC-88C0-4CCF1D2897A3}.Debug|Any CPU.Build.0 = Debug|Any CPU
		{B56183D0-516E-49CC-88C0-4CCF1D2897A3}.Debug|x64.ActiveCfg = Debug|Any CPU
		{B56183D0-516E-49CC-88C0-4CCF1D2897A3}.Debug|x64.Build.0 = Debug|Any CPU
		{B56183D0-516E-49CC-88C0-4CCF1D2897A3}.Debug|x86.ActiveCfg = Debug|Any CPU
		{B56183D0-516E-49CC-88C0-4CCF1D2897A3}.Debug|x86.Build.0 = Debug|Any CPU
		{B56183D0-516E-49CC-88C0-4CCF1D2897A3}.Release|Any CPU.ActiveCfg = Release|Any CPU
		{B56183D0-516E-49CC-88C0-4CCF1D2897A3}.Release|Any CPU.Build.0 = Release|Any CPU
		{B56183D0-516E-49CC-88C0-4CCF1D2897A3}.Release|x64.ActiveCfg = Release|Any CPU
		{B56183D0-516E-49CC-88C0-4CCF1D2897A3}.Release|x64.Build.0 = Release|Any CPU
		{B56183D0-516E-49CC-88C0-4CCF1D2897A3}.Release|x86.ActiveCfg = Release|Any CPU
		{B56183D0-516E-49CC-88C0-4CCF1D2897A3}.Release|x86.Build.0 = Release|Any CPU
		{B372A3C4-0AAB-4680-84C7-6A90D62AF4A7}.debug FileServer|Any CPU.ActiveCfg = Debug|Any CPU
		{B372A3C4-0AAB-4680-84C7-6A90D62AF4A7}.debug FileServer|Any CPU.Build.0 = Debug|Any CPU
		{B372A3C4-0AAB-4680-84C7-6A90D62AF4A7}.debug FileServer|x64.ActiveCfg = Debug|Any CPU
		{B372A3C4-0AAB-4680-84C7-6A90D62AF4A7}.debug FileServer|x64.Build.0 = Debug|Any CPU
		{B372A3C4-0AAB-4680-84C7-6A90D62AF4A7}.debug FileServer|x86.ActiveCfg = Debug|Any CPU
		{B372A3C4-0AAB-4680-84C7-6A90D62AF4A7}.debug FileServer|x86.Build.0 = Debug|Any CPU
		{B372A3C4-0AAB-4680-84C7-6A90D62AF4A7}.Debug|Any CPU.ActiveCfg = Debug|Any CPU
		{B372A3C4-0AAB-4680-84C7-6A90D62AF4A7}.Debug|Any CPU.Build.0 = Debug|Any CPU
		{B372A3C4-0AAB-4680-84C7-6A90D62AF4A7}.Debug|x64.ActiveCfg = Debug|Any CPU
		{B372A3C4-0AAB-4680-84C7-6A90D62AF4A7}.Debug|x64.Build.0 = Debug|Any CPU
		{B372A3C4-0AAB-4680-84C7-6A90D62AF4A7}.Debug|x86.ActiveCfg = Debug|Any CPU
		{B372A3C4-0AAB-4680-84C7-6A90D62AF4A7}.Debug|x86.Build.0 = Debug|Any CPU
		{B372A3C4-0AAB-4680-84C7-6A90D62AF4A7}.Release|Any CPU.ActiveCfg = Release|Any CPU
		{B372A3C4-0AAB-4680-84C7-6A90D62AF4A7}.Release|Any CPU.Build.0 = Release|Any CPU
		{B372A3C4-0AAB-4680-84C7-6A90D62AF4A7}.Release|x64.ActiveCfg = Release|Any CPU
		{B372A3C4-0AAB-4680-84C7-6A90D62AF4A7}.Release|x64.Build.0 = Release|Any CPU
		{B372A3C4-0AAB-4680-84C7-6A90D62AF4A7}.Release|x86.ActiveCfg = Release|Any CPU
		{B372A3C4-0AAB-4680-84C7-6A90D62AF4A7}.Release|x86.Build.0 = Release|Any CPU
		{5418018E-0329-4840-AA36-F750EB885FE1}.debug FileServer|Any CPU.ActiveCfg = Debug|Any CPU
		{5418018E-0329-4840-AA36-F750EB885FE1}.debug FileServer|Any CPU.Build.0 = Debug|Any CPU
		{5418018E-0329-4840-AA36-F750EB885FE1}.debug FileServer|x64.ActiveCfg = Debug|Any CPU
		{5418018E-0329-4840-AA36-F750EB885FE1}.debug FileServer|x64.Build.0 = Debug|Any CPU
		{5418018E-0329-4840-AA36-F750EB885FE1}.debug FileServer|x86.ActiveCfg = Debug|Any CPU
		{5418018E-0329-4840-AA36-F750EB885FE1}.debug FileServer|x86.Build.0 = Debug|Any CPU
		{5418018E-0329-4840-AA36-F750EB885FE1}.Debug|Any CPU.ActiveCfg = Debug|Any CPU
		{5418018E-0329-4840-AA36-F750EB885FE1}.Debug|Any CPU.Build.0 = Debug|Any CPU
		{5418018E-0329-4840-AA36-F750EB885FE1}.Debug|x64.ActiveCfg = Debug|Any CPU
		{5418018E-0329-4840-AA36-F750EB885FE1}.Debug|x64.Build.0 = Debug|Any CPU
		{5418018E-0329-4840-AA36-F750EB885FE1}.Debug|x86.ActiveCfg = Debug|Any CPU
		{5418018E-0329-4840-AA36-F750EB885FE1}.Debug|x86.Build.0 = Debug|Any CPU
		{5418018E-0329-4840-AA36-F750EB885FE1}.Release|Any CPU.ActiveCfg = Release|Any CPU
		{5418018E-0329-4840-AA36-F750EB885FE1}.Release|Any CPU.Build.0 = Release|Any CPU
		{5418018E-0329-4840-AA36-F750EB885FE1}.Release|x64.ActiveCfg = Release|Any CPU
		{5418018E-0329-4840-AA36-F750EB885FE1}.Release|x64.Build.0 = Release|Any CPU
		{5418018E-0329-4840-AA36-F750EB885FE1}.Release|x86.ActiveCfg = Release|Any CPU
		{5418018E-0329-4840-AA36-F750EB885FE1}.Release|x86.Build.0 = Release|Any CPU
		{DE88481F-70D8-7CA0-D9D1-C6A18ADF82FF}.debug FileServer|Any CPU.ActiveCfg = Debug|Any CPU
		{DE88481F-70D8-7CA0-D9D1-C6A18ADF82FF}.debug FileServer|Any CPU.Build.0 = Debug|Any CPU
		{DE88481F-70D8-7CA0-D9D1-C6A18ADF82FF}.debug FileServer|x64.ActiveCfg = Debug|Any CPU
		{DE88481F-70D8-7CA0-D9D1-C6A18ADF82FF}.debug FileServer|x64.Build.0 = Debug|Any CPU
		{DE88481F-70D8-7CA0-D9D1-C6A18ADF82FF}.debug FileServer|x86.ActiveCfg = Debug|Any CPU
		{DE88481F-70D8-7CA0-D9D1-C6A18ADF82FF}.debug FileServer|x86.Build.0 = Debug|Any CPU
		{DE88481F-70D8-7CA0-D9D1-C6A18ADF82FF}.Debug|Any CPU.ActiveCfg = Debug|Any CPU
		{DE88481F-70D8-7CA0-D9D1-C6A18ADF82FF}.Debug|Any CPU.Build.0 = Debug|Any CPU
		{DE88481F-70D8-7CA0-D9D1-C6A18ADF82FF}.Debug|x64.ActiveCfg = Debug|Any CPU
		{DE88481F-70D8-7CA0-D9D1-C6A18ADF82FF}.Debug|x64.Build.0 = Debug|Any CPU
		{DE88481F-70D8-7CA0-D9D1-C6A18ADF82FF}.Debug|x86.ActiveCfg = Debug|Any CPU
		{DE88481F-70D8-7CA0-D9D1-C6A18ADF82FF}.Debug|x86.Build.0 = Debug|Any CPU
		{DE88481F-70D8-7CA0-D9D1-C6A18ADF82FF}.Release|Any CPU.ActiveCfg = Release|Any CPU
		{DE88481F-70D8-7CA0-D9D1-C6A18ADF82FF}.Release|Any CPU.Build.0 = Release|Any CPU
		{DE88481F-70D8-7CA0-D9D1-C6A18ADF82FF}.Release|x64.ActiveCfg = Release|Any CPU
		{DE88481F-70D8-7CA0-D9D1-C6A18ADF82FF}.Release|x64.Build.0 = Release|Any CPU
		{DE88481F-70D8-7CA0-D9D1-C6A18ADF82FF}.Release|x86.ActiveCfg = Release|Any CPU
		{DE88481F-70D8-7CA0-D9D1-C6A18ADF82FF}.Release|x86.Build.0 = Release|Any CPU
		{CD5BF7A5-4720-ABC3-7A34-E435908A8CA3}.debug FileServer|Any CPU.ActiveCfg = Debug|Any CPU
		{CD5BF7A5-4720-ABC3-7A34-E435908A8CA3}.debug FileServer|Any CPU.Build.0 = Debug|Any CPU
		{CD5BF7A5-4720-ABC3-7A34-E435908A8CA3}.debug FileServer|x64.ActiveCfg = Debug|Any CPU
		{CD5BF7A5-4720-ABC3-7A34-E435908A8CA3}.debug FileServer|x64.Build.0 = Debug|Any CPU
		{CD5BF7A5-4720-ABC3-7A34-E435908A8CA3}.debug FileServer|x86.ActiveCfg = Debug|Any CPU
		{CD5BF7A5-4720-ABC3-7A34-E435908A8CA3}.debug FileServer|x86.Build.0 = Debug|Any CPU
		{CD5BF7A5-4720-ABC3-7A34-E435908A8CA3}.Debug|Any CPU.ActiveCfg = Debug|Any CPU
		{CD5BF7A5-4720-ABC3-7A34-E435908A8CA3}.Debug|Any CPU.Build.0 = Debug|Any CPU
		{CD5BF7A5-4720-ABC3-7A34-E435908A8CA3}.Debug|x64.ActiveCfg = Debug|Any CPU
		{CD5BF7A5-4720-ABC3-7A34-E435908A8CA3}.Debug|x64.Build.0 = Debug|Any CPU
		{CD5BF7A5-4720-ABC3-7A34-E435908A8CA3}.Debug|x86.ActiveCfg = Debug|Any CPU
		{CD5BF7A5-4720-ABC3-7A34-E435908A8CA3}.Debug|x86.Build.0 = Debug|Any CPU
		{CD5BF7A5-4720-ABC3-7A34-E435908A8CA3}.Release|Any CPU.ActiveCfg = Release|Any CPU
		{CD5BF7A5-4720-ABC3-7A34-E435908A8CA3}.Release|Any CPU.Build.0 = Release|Any CPU
		{CD5BF7A5-4720-ABC3-7A34-E435908A8CA3}.Release|x64.ActiveCfg = Release|Any CPU
		{CD5BF7A5-4720-ABC3-7A34-E435908A8CA3}.Release|x64.Build.0 = Release|Any CPU
		{CD5BF7A5-4720-ABC3-7A34-E435908A8CA3}.Release|x86.ActiveCfg = Release|Any CPU
		{CD5BF7A5-4720-ABC3-7A34-E435908A8CA3}.Release|x86.Build.0 = Release|Any CPU
	EndGlobalSection
	GlobalSection(SolutionProperties) = preSolution
		HideSolutionNode = FALSE
	EndGlobalSection
	GlobalSection(NestedProjects) = preSolution
		{F06D54FC-D745-4B72-900F-8D25A44F12D9} = {8C66A3DD-1A47-4526-B197-CB465052BBEF}
		{B1057F54-8770-4949-8984-9C03A2AB5FB8} = {8C66A3DD-1A47-4526-B197-CB465052BBEF}
		{030A6588-9083-4285-82EF-FC0AB96A6C6B} = {CEEC716A-A273-4111-8622-209F54DA8E14}
		{73644D07-5B61-43A1-BCEE-C41766EAA0FA} = {CEEC716A-A273-4111-8622-209F54DA8E14}
		{93996497-4E3E-4AE0-9F8D-10B62A39F96D} = {CEEC716A-A273-4111-8622-209F54DA8E14}
		{C0F3046D-24C8-4302-B646-E30065A83404} = {3698E784-D6C2-4E02-B209-408C1099476D}
		{EA719DE6-E90C-44CE-9E80-3EEC169E39D8} = {6FCE2900-03D1-47A6-BBC8-F5FA059D64FA}
		{6612FD4D-B8B6-4E5F-BEF2-65E33A3E7938} = {6FCE2900-03D1-47A6-BBC8-F5FA059D64FA}
		{4EDF208C-9051-4AF1-97FA-44D6794560A5} = {19A0AC95-7859-4E04-9367-152D5F5D3016}
		{E14D78F9-08CA-4135-A395-F52744D73EF8} = {19A0AC95-7859-4E04-9367-152D5F5D3016}
		{A539355D-7CEE-4038-BB62-EB8BDDAE1315} = {CEEC716A-A273-4111-8622-209F54DA8E14}
		{45D61AA4-8945-4A0A-ABB3-DCB872B1A81D} = {8C66A3DD-1A47-4526-B197-CB465052BBEF}
		{BF370AA7-7F97-49CE-852B-E28541228758} = {02EA681E-C7D8-13C7-8484-4AC65E1B71E8}
		{28CC2E47-1686-4C55-A90E-76857456A4DD} = {02EA681E-C7D8-13C7-8484-4AC65E1B71E8}
		{1A250D6B-AD12-4491-8A11-AB756124A1D7} = {02EA681E-C7D8-13C7-8484-4AC65E1B71E8}
		{D57AADCA-E7DA-4D93-BB32-5096A9953ABA} = {1A250D6B-AD12-4491-8A11-AB756124A1D7}
		{55835716-829A-4FD8-8D25-BCC694D02C3D} = {8C66A3DD-1A47-4526-B197-CB465052BBEF}
		{DDFFDBD7-8743-48BC-B0E2-517C7896B521} = {55835716-829A-4FD8-8D25-BCC694D02C3D}
		{6E64430E-AF3B-4954-BD54-E0E611AEF6F8} = {8C66A3DD-1A47-4526-B197-CB465052BBEF}
		{C566A924-3B85-4A34-978B-FEA310B9E58F} = {6E64430E-AF3B-4954-BD54-E0E611AEF6F8}
		{506CB1B9-37AE-47AA-8A45-459C4A216888} = {6E64430E-AF3B-4954-BD54-E0E611AEF6F8}
		{355500B0-AE16-4866-AB37-EE67629E31B1} = {653D8A94-89BF-4659-9979-A3BC57A251D9}
		{30C87F4A-904C-492A-9730-C8853F59F58B} = {653D8A94-89BF-4659-9979-A3BC57A251D9}
		{9CDF379E-E90E-44FF-B381-04BFFEEC37F8} = {C32B1E62-EA26-42DF-BC5A-78D7A4C016F7}
		{3EC82571-D487-4227-B2F9-6F4B5E1CA1AB} = {C32B1E62-EA26-42DF-BC5A-78D7A4C016F7}
		{E36AA9A3-95AB-4570-845E-EBE9E0002755} = {369CB01D-A1A7-72D2-AABC-3F0945D148A2}
		{55730C6A-FF0C-42AA-8003-B19616AF723B} = {369CB01D-A1A7-72D2-AABC-3F0945D148A2}
		{ABEEA24B-D00B-4D36-9A26-354BFC8F3B19} = {7427C55F-70F9-4579-B88A-2DDCD3ABE65C}
		{579D1A5C-AC79-4D54-A1AB-C85A337373C9} = {7427C55F-70F9-4579-B88A-2DDCD3ABE65C}
		{03B70B3A-BF25-465C-F86E-3EEBAE4BB177} = {01B91BF3-F7F4-4776-8F1A-C6C4FB2E4B5F}
		{E5466A84-1DDD-36AB-509B-1CB1C2373B62} = {01B91BF3-F7F4-4776-8F1A-C6C4FB2E4B5F}
		{6ACD96CA-45CA-4461-B778-D9FF1896A597} = {115964F2-D8B5-4B88-843C-E5E512E1890D}
		{A6D23BDC-2BD6-4AC8-8F1D-9F2AB49323D7} = {115964F2-D8B5-4B88-843C-E5E512E1890D}
		{EFE208B0-DB75-4866-8F9D-64B93EFDA7C0} = {5385153A-84F6-4C7D-87B3-7C24812D7B64}
		{45AC9E89-25AC-4DEE-A7D9-ABE7C5C6A586} = {5385153A-84F6-4C7D-87B3-7C24812D7B64}
		{E728AE6C-BBBF-41BC-9B97-08278F7B1B9D} = {01B91BF3-F7F4-4776-8F1A-C6C4FB2E4B5F}
		{26F85ABB-DF30-4588-AB73-A29234A8F7EC} = {F2AB2B84-FE43-4EAE-B3D7-60ABC6346A4C}
		{983C9B92-D049-49DB-A317-B29617FD26A2} = {7027AFB3-18DD-4CEE-8E26-5BCCA22DC4FA}
		{B56183D0-516E-49CC-88C0-4CCF1D2897A3} = {7027AFB3-18DD-4CEE-8E26-5BCCA22DC4FA}
		{B372A3C4-0AAB-4680-84C7-6A90D62AF4A7} = {0F04275B-8EC2-45FF-AAB0-959B0AC29201}
		{5418018E-0329-4840-AA36-F750EB885FE1} = {0F04275B-8EC2-45FF-AAB0-959B0AC29201}
		{DE88481F-70D8-7CA0-D9D1-C6A18ADF82FF} = {200EEE49-C12C-4FD8-B0A1-FA006836D72A}
		{CD5BF7A5-4720-ABC3-7A34-E435908A8CA3} = {200EEE49-C12C-4FD8-B0A1-FA006836D72A}
	EndGlobalSection
	GlobalSection(ExtensibilityGlobals) = postSolution
		SolutionGuid = {D4476F88-F402-4E67-B4D9-6187D5BAD463}
	EndGlobalSection
EndGlobal
